// !$*UTF8*$!
{
	archiveVersion = 1;
	classes = {
	};
	objectVersion = 50;
	objects = {

/* Begin PBXBuildFile section */
		B533BAAA2282F9F200D68D79 /* Localizable.strings in Resources */ = {isa = PBXBuildFile; fileRef = B533BAAC2282F9F200D68D79 /* Localizable.strings */; };
		B533BAAE2282FC6900D68D79 /* Localizable.strings in Resources */ = {isa = PBXBuildFile; fileRef = B533BAAC2282F9F200D68D79 /* Localizable.strings */; };
		B5370804226F188600ACFA62 /* AppDelegate.swift in Sources */ = {isa = PBXBuildFile; fileRef = B5370803226F188600ACFA62 /* AppDelegate.swift */; };
		B5370806226F188600ACFA62 /* ViewController.swift in Sources */ = {isa = PBXBuildFile; fileRef = B5370805226F188600ACFA62 /* ViewController.swift */; };
		B537080B226F188600ACFA62 /* Assets.xcassets in Resources */ = {isa = PBXBuildFile; fileRef = B537080A226F188600ACFA62 /* Assets.xcassets */; };
		B537080E226F188600ACFA62 /* Main.storyboard in Resources */ = {isa = PBXBuildFile; fileRef = B537080C226F188600ACFA62 /* Main.storyboard */; };
		B5370839226F18A200ACFA62 /* AppDelegate.swift in Sources */ = {isa = PBXBuildFile; fileRef = B5370838226F18A200ACFA62 /* AppDelegate.swift */; };
		B537083B226F18A200ACFA62 /* ViewController.swift in Sources */ = {isa = PBXBuildFile; fileRef = B537083A226F18A200ACFA62 /* ViewController.swift */; };
		B537083E226F18A200ACFA62 /* Main.storyboard in Resources */ = {isa = PBXBuildFile; fileRef = B537083C226F18A200ACFA62 /* Main.storyboard */; };
		B5370843226F18A300ACFA62 /* Assets.xcassets in Resources */ = {isa = PBXBuildFile; fileRef = B5370842226F18A300ACFA62 /* Assets.xcassets */; };
		B5370846226F18A300ACFA62 /* LaunchScreen.storyboard in Resources */ = {isa = PBXBuildFile; fileRef = B5370844226F18A300ACFA62 /* LaunchScreen.storyboard */; };
		B542F785227EAB0E0045552D /* TimeInterval+.swift in Sources */ = {isa = PBXBuildFile; fileRef = B542F784227EAB0E0045552D /* TimeInterval+.swift */; };
		B542F787227EB2AC0045552D /* NSView+.swift in Sources */ = {isa = PBXBuildFile; fileRef = B542F786227EB2AC0045552D /* NSView+.swift */; };
		B542F789227EBF520045552D /* NSImage+.swift in Sources */ = {isa = PBXBuildFile; fileRef = B542F788227EBF520045552D /* NSImage+.swift */; };
		B542F78B227EBFC10045552D /* NSPoint+.swift in Sources */ = {isa = PBXBuildFile; fileRef = B542F78A227EBFC10045552D /* NSPoint+.swift */; };
		B542F78D227EC9720045552D /* CGFloat+.swift in Sources */ = {isa = PBXBuildFile; fileRef = B542F78C227EC9720045552D /* CGFloat+.swift */; };
		B542F797227ECD600045552D /* UIView+.swift in Sources */ = {isa = PBXBuildFile; fileRef = B542F796227ECD600045552D /* UIView+.swift */; };
		B542F799227ECDA90045552D /* CGPoint+.swift in Sources */ = {isa = PBXBuildFile; fileRef = B542F798227ECDA90045552D /* CGPoint+.swift */; };
		B5BB041022846294008C8493 /* ImageView.swift in Sources */ = {isa = PBXBuildFile; fileRef = B5BB040F22846294008C8493 /* ImageView.swift */; };
		B5E6616722855EA100E9A0BC /* TickTask_iOSTests.swift in Sources */ = {isa = PBXBuildFile; fileRef = B5E6616622855EA100E9A0BC /* TickTask_iOSTests.swift */; };
		B5E6617522855EB600E9A0BC /* TickTask_macOSTests.swift in Sources */ = {isa = PBXBuildFile; fileRef = B5E6617422855EB600E9A0BC /* TickTask_macOSTests.swift */; };
		B5E6618322855EC800E9A0BC /* TickTask_iOSUITests.swift in Sources */ = {isa = PBXBuildFile; fileRef = B5E6618222855EC800E9A0BC /* TickTask_iOSUITests.swift */; };
		B5E6619122855EDA00E9A0BC /* TickTask_macOSUITests.swift in Sources */ = {isa = PBXBuildFile; fileRef = B5E6619022855EDA00E9A0BC /* TickTask_macOSUITests.swift */; };
/* End PBXBuildFile section */

/* Begin PBXContainerItemProxy section */
		B5E6616922855EA100E9A0BC /* PBXContainerItemProxy */ = {
			isa = PBXContainerItemProxy;
			containerPortal = B53707F8226F188600ACFA62 /* Project object */;
			proxyType = 1;
			remoteGlobalIDString = B5370835226F18A200ACFA62;
			remoteInfo = "TickTask-iOS";
		};
		B5E6617722855EB600E9A0BC /* PBXContainerItemProxy */ = {
			isa = PBXContainerItemProxy;
			containerPortal = B53707F8226F188600ACFA62 /* Project object */;
			proxyType = 1;
			remoteGlobalIDString = B53707FF226F188600ACFA62;
			remoteInfo = "TickTask-macOS";
		};
		B5E6618522855EC800E9A0BC /* PBXContainerItemProxy */ = {
			isa = PBXContainerItemProxy;
			containerPortal = B53707F8226F188600ACFA62 /* Project object */;
			proxyType = 1;
			remoteGlobalIDString = B5370835226F18A200ACFA62;
			remoteInfo = "TickTask-iOS";
		};
		B5E6619322855EDA00E9A0BC /* PBXContainerItemProxy */ = {
			isa = PBXContainerItemProxy;
			containerPortal = B53707F8226F188600ACFA62 /* Project object */;
			proxyType = 1;
			remoteGlobalIDString = B53707FF226F188600ACFA62;
			remoteInfo = "TickTask-macOS";
		};
/* End PBXContainerItemProxy section */

/* Begin PBXFileReference section */
		B533BAA52282F97B00D68D79 /* fr */ = {isa = PBXFileReference; lastKnownFileType = text.plist.strings; name = fr; path = fr.lproj/Main.strings; sourceTree = "<group>"; };
		B533BAA62282F97B00D68D79 /* fr */ = {isa = PBXFileReference; lastKnownFileType = text.plist.strings; name = fr; path = fr.lproj/Main.strings; sourceTree = "<group>"; };
		B533BAA72282F97B00D68D79 /* fr */ = {isa = PBXFileReference; lastKnownFileType = text.plist.strings; name = fr; path = fr.lproj/LaunchScreen.strings; sourceTree = "<group>"; };
		B533BAAB2282F9F200D68D79 /* fr */ = {isa = PBXFileReference; lastKnownFileType = text.plist.strings; name = fr; path = fr.lproj/Localizable.strings; sourceTree = "<group>"; };
		B533BAAD2282F9F600D68D79 /* en */ = {isa = PBXFileReference; lastKnownFileType = text.plist.strings; name = en; path = en.lproj/Localizable.strings; sourceTree = "<group>"; };
		B5370800226F188600ACFA62 /* Tick Task.app */ = {isa = PBXFileReference; explicitFileType = wrapper.application; includeInIndex = 0; path = "Tick Task.app"; sourceTree = BUILT_PRODUCTS_DIR; };
		B5370803226F188600ACFA62 /* AppDelegate.swift */ = {isa = PBXFileReference; lastKnownFileType = sourcecode.swift; path = AppDelegate.swift; sourceTree = "<group>"; };
		B5370805226F188600ACFA62 /* ViewController.swift */ = {isa = PBXFileReference; lastKnownFileType = sourcecode.swift; path = ViewController.swift; sourceTree = "<group>"; };
		B537080A226F188600ACFA62 /* Assets.xcassets */ = {isa = PBXFileReference; lastKnownFileType = folder.assetcatalog; path = Assets.xcassets; sourceTree = "<group>"; };
		B537080D226F188600ACFA62 /* Base */ = {isa = PBXFileReference; lastKnownFileType = file.storyboard; name = Base; path = Base.lproj/Main.storyboard; sourceTree = "<group>"; };
		B537080F226F188600ACFA62 /* Info.plist */ = {isa = PBXFileReference; lastKnownFileType = text.plist.xml; path = Info.plist; sourceTree = "<group>"; };
		B5370810226F188600ACFA62 /* TickTask-macOS.entitlements */ = {isa = PBXFileReference; lastKnownFileType = text.plist.entitlements; path = "TickTask-macOS.entitlements"; sourceTree = "<group>"; };
		B5370836226F18A200ACFA62 /* Tick Task.app */ = {isa = PBXFileReference; explicitFileType = wrapper.application; includeInIndex = 0; path = "Tick Task.app"; sourceTree = BUILT_PRODUCTS_DIR; };
		B5370838226F18A200ACFA62 /* AppDelegate.swift */ = {isa = PBXFileReference; lastKnownFileType = sourcecode.swift; path = AppDelegate.swift; sourceTree = "<group>"; };
		B537083A226F18A200ACFA62 /* ViewController.swift */ = {isa = PBXFileReference; lastKnownFileType = sourcecode.swift; path = ViewController.swift; sourceTree = "<group>"; };
		B537083D226F18A200ACFA62 /* Base */ = {isa = PBXFileReference; lastKnownFileType = file.storyboard; name = Base; path = Base.lproj/Main.storyboard; sourceTree = "<group>"; };
		B5370842226F18A300ACFA62 /* Assets.xcassets */ = {isa = PBXFileReference; lastKnownFileType = folder.assetcatalog; path = Assets.xcassets; sourceTree = "<group>"; };
		B5370845226F18A300ACFA62 /* Base */ = {isa = PBXFileReference; lastKnownFileType = file.storyboard; name = Base; path = Base.lproj/LaunchScreen.storyboard; sourceTree = "<group>"; };
		B5370847226F18A300ACFA62 /* Info.plist */ = {isa = PBXFileReference; lastKnownFileType = text.plist.xml; path = Info.plist; sourceTree = "<group>"; };
		B5370867226F18FB00ACFA62 /* TickTask-iOS.entitlements */ = {isa = PBXFileReference; lastKnownFileType = text.plist.entitlements; path = "TickTask-iOS.entitlements"; sourceTree = "<group>"; };
		B542F784227EAB0E0045552D /* TimeInterval+.swift */ = {isa = PBXFileReference; lastKnownFileType = sourcecode.swift; path = "TimeInterval+.swift"; sourceTree = "<group>"; };
		B542F786227EB2AC0045552D /* NSView+.swift */ = {isa = PBXFileReference; lastKnownFileType = sourcecode.swift; path = "NSView+.swift"; sourceTree = "<group>"; };
		B542F788227EBF520045552D /* NSImage+.swift */ = {isa = PBXFileReference; lastKnownFileType = sourcecode.swift; path = "NSImage+.swift"; sourceTree = "<group>"; };
		B542F78A227EBFC10045552D /* NSPoint+.swift */ = {isa = PBXFileReference; lastKnownFileType = sourcecode.swift; path = "NSPoint+.swift"; sourceTree = "<group>"; };
		B542F78C227EC9720045552D /* CGFloat+.swift */ = {isa = PBXFileReference; lastKnownFileType = sourcecode.swift; path = "CGFloat+.swift"; sourceTree = "<group>"; };
		B542F796227ECD600045552D /* UIView+.swift */ = {isa = PBXFileReference; lastKnownFileType = sourcecode.swift; path = "UIView+.swift"; sourceTree = "<group>"; };
		B542F798227ECDA90045552D /* CGPoint+.swift */ = {isa = PBXFileReference; lastKnownFileType = sourcecode.swift; path = "CGPoint+.swift"; sourceTree = "<group>"; };
		B5BB040F22846294008C8493 /* ImageView.swift */ = {isa = PBXFileReference; lastKnownFileType = sourcecode.swift; path = ImageView.swift; sourceTree = "<group>"; };
		B5E6616422855EA100E9A0BC /* TickTask-iOSTests.xctest */ = {isa = PBXFileReference; explicitFileType = wrapper.cfbundle; includeInIndex = 0; path = "TickTask-iOSTests.xctest"; sourceTree = BUILT_PRODUCTS_DIR; };
		B5E6616622855EA100E9A0BC /* TickTask_iOSTests.swift */ = {isa = PBXFileReference; lastKnownFileType = sourcecode.swift; path = TickTask_iOSTests.swift; sourceTree = "<group>"; };
		B5E6616822855EA100E9A0BC /* Info.plist */ = {isa = PBXFileReference; lastKnownFileType = text.plist.xml; path = Info.plist; sourceTree = "<group>"; };
		B5E6617222855EB600E9A0BC /* TickTask-macOSTests.xctest */ = {isa = PBXFileReference; explicitFileType = wrapper.cfbundle; includeInIndex = 0; path = "TickTask-macOSTests.xctest"; sourceTree = BUILT_PRODUCTS_DIR; };
		B5E6617422855EB600E9A0BC /* TickTask_macOSTests.swift */ = {isa = PBXFileReference; lastKnownFileType = sourcecode.swift; path = TickTask_macOSTests.swift; sourceTree = "<group>"; };
		B5E6617622855EB600E9A0BC /* Info.plist */ = {isa = PBXFileReference; lastKnownFileType = text.plist.xml; path = Info.plist; sourceTree = "<group>"; };
		B5E6618022855EC800E9A0BC /* TickTask-iOSUITests.xctest */ = {isa = PBXFileReference; explicitFileType = wrapper.cfbundle; includeInIndex = 0; path = "TickTask-iOSUITests.xctest"; sourceTree = BUILT_PRODUCTS_DIR; };
		B5E6618222855EC800E9A0BC /* TickTask_iOSUITests.swift */ = {isa = PBXFileReference; lastKnownFileType = sourcecode.swift; path = TickTask_iOSUITests.swift; sourceTree = "<group>"; };
		B5E6618422855EC800E9A0BC /* Info.plist */ = {isa = PBXFileReference; lastKnownFileType = text.plist.xml; path = Info.plist; sourceTree = "<group>"; };
		B5E6618E22855EDA00E9A0BC /* TickTask-macOSUITests.xctest */ = {isa = PBXFileReference; explicitFileType = wrapper.cfbundle; includeInIndex = 0; path = "TickTask-macOSUITests.xctest"; sourceTree = BUILT_PRODUCTS_DIR; };
		B5E6619022855EDA00E9A0BC /* TickTask_macOSUITests.swift */ = {isa = PBXFileReference; lastKnownFileType = sourcecode.swift; path = TickTask_macOSUITests.swift; sourceTree = "<group>"; };
		B5E6619222855EDA00E9A0BC /* Info.plist */ = {isa = PBXFileReference; lastKnownFileType = text.plist.xml; path = Info.plist; sourceTree = "<group>"; };
/* End PBXFileReference section */

/* Begin PBXFrameworksBuildPhase section */
		B53707FD226F188600ACFA62 /* Frameworks */ = {
			isa = PBXFrameworksBuildPhase;
			buildActionMask = 2147483647;
			files = (
			);
			runOnlyForDeploymentPostprocessing = 0;
		};
		B5370833226F18A200ACFA62 /* Frameworks */ = {
			isa = PBXFrameworksBuildPhase;
			buildActionMask = 2147483647;
			files = (
			);
			runOnlyForDeploymentPostprocessing = 0;
		};
		B5E6616122855EA100E9A0BC /* Frameworks */ = {
			isa = PBXFrameworksBuildPhase;
			buildActionMask = 2147483647;
			files = (
			);
			runOnlyForDeploymentPostprocessing = 0;
		};
		B5E6616F22855EB600E9A0BC /* Frameworks */ = {
			isa = PBXFrameworksBuildPhase;
			buildActionMask = 2147483647;
			files = (
			);
			runOnlyForDeploymentPostprocessing = 0;
		};
		B5E6617D22855EC800E9A0BC /* Frameworks */ = {
			isa = PBXFrameworksBuildPhase;
			buildActionMask = 2147483647;
			files = (
			);
			runOnlyForDeploymentPostprocessing = 0;
		};
		B5E6618B22855EDA00E9A0BC /* Frameworks */ = {
			isa = PBXFrameworksBuildPhase;
			buildActionMask = 2147483647;
			files = (
			);
			runOnlyForDeploymentPostprocessing = 0;
		};
/* End PBXFrameworksBuildPhase section */

/* Begin PBXGroup section */
		B53707F7226F188600ACFA62 = {
			isa = PBXGroup;
			children = (
				B5370801226F188600ACFA62 /* Products */,
				B5370837226F18A200ACFA62 /* TickTask-iOS */,
				B5370802226F188600ACFA62 /* TickTask-macOS */,
			);
			sourceTree = "<group>";
		};
		B5370801226F188600ACFA62 /* Products */ = {
			isa = PBXGroup;
			children = (
				B5370800226F188600ACFA62 /* Tick Task.app */,
				B5370836226F18A200ACFA62 /* Tick Task.app */,
				B5E6616422855EA100E9A0BC /* TickTask-iOSTests.xctest */,
				B5E6617222855EB600E9A0BC /* TickTask-macOSTests.xctest */,
				B5E6618022855EC800E9A0BC /* TickTask-iOSUITests.xctest */,
				B5E6618E22855EDA00E9A0BC /* TickTask-macOSUITests.xctest */,
			);
			name = Products;
			sourceTree = "<group>";
		};
		B5370802226F188600ACFA62 /* TickTask-macOS */ = {
			isa = PBXGroup;
			children = (
				B5370803226F188600ACFA62 /* AppDelegate.swift */,
				B537080A226F188600ACFA62 /* Assets.xcassets */,
				B542F78C227EC9720045552D /* CGFloat+.swift */,
				B5BB040F22846294008C8493 /* ImageView.swift */,
				B537080F226F188600ACFA62 /* Info.plist */,
				B533BAAC2282F9F200D68D79 /* Localizable.strings */,
				B537080C226F188600ACFA62 /* Main.storyboard */,
				B542F788227EBF520045552D /* NSImage+.swift */,
				B542F78A227EBFC10045552D /* NSPoint+.swift */,
				B542F786227EB2AC0045552D /* NSView+.swift */,
				B5370810226F188600ACFA62 /* TickTask-macOS.entitlements */,
				B5E6617322855EB600E9A0BC /* TickTask-macOSTests */,
				B5E6618F22855EDA00E9A0BC /* TickTask-macOSUITests */,
				B542F784227EAB0E0045552D /* TimeInterval+.swift */,
				B5370805226F188600ACFA62 /* ViewController.swift */,
			);
			path = "TickTask-macOS";
			sourceTree = "<group>";
		};
		B5370837226F18A200ACFA62 /* TickTask-iOS */ = {
			isa = PBXGroup;
			children = (
				B5370838226F18A200ACFA62 /* AppDelegate.swift */,
				B5370842226F18A300ACFA62 /* Assets.xcassets */,
				B542F798227ECDA90045552D /* CGPoint+.swift */,
				B5370847226F18A300ACFA62 /* Info.plist */,
				B5370844226F18A300ACFA62 /* LaunchScreen.storyboard */,
				B537083C226F18A200ACFA62 /* Main.storyboard */,
				B5370867226F18FB00ACFA62 /* TickTask-iOS.entitlements */,
				B5E6616522855EA100E9A0BC /* TickTask-iOSTests */,
				B5E6618122855EC800E9A0BC /* TickTask-iOSUITests */,
				B542F796227ECD600045552D /* UIView+.swift */,
				B537083A226F18A200ACFA62 /* ViewController.swift */,
			);
			path = "TickTask-iOS";
			sourceTree = "<group>";
		};
		B5E6616522855EA100E9A0BC /* TickTask-iOSTests */ = {
			isa = PBXGroup;
			children = (
				B5E6616822855EA100E9A0BC /* Info.plist */,
				B5E6616622855EA100E9A0BC /* TickTask_iOSTests.swift */,
			);
			path = "TickTask-iOSTests";
			sourceTree = "<group>";
		};
		B5E6617322855EB600E9A0BC /* TickTask-macOSTests */ = {
			isa = PBXGroup;
			children = (
				B5E6617622855EB600E9A0BC /* Info.plist */,
				B5E6617422855EB600E9A0BC /* TickTask_macOSTests.swift */,
			);
			path = "TickTask-macOSTests";
			sourceTree = "<group>";
		};
		B5E6618122855EC800E9A0BC /* TickTask-iOSUITests */ = {
			isa = PBXGroup;
			children = (
				B5E6618422855EC800E9A0BC /* Info.plist */,
				B5E6618222855EC800E9A0BC /* TickTask_iOSUITests.swift */,
			);
			path = "TickTask-iOSUITests";
			sourceTree = "<group>";
		};
		B5E6618F22855EDA00E9A0BC /* TickTask-macOSUITests */ = {
			isa = PBXGroup;
			children = (
				B5E6619222855EDA00E9A0BC /* Info.plist */,
				B5E6619022855EDA00E9A0BC /* TickTask_macOSUITests.swift */,
			);
			path = "TickTask-macOSUITests";
			sourceTree = "<group>";
		};
/* End PBXGroup section */

/* Begin PBXNativeTarget section */
		B53707FF226F188600ACFA62 /* TickTask-macOS */ = {
			isa = PBXNativeTarget;
			buildConfigurationList = B5370829226F188600ACFA62 /* Build configuration list for PBXNativeTarget "TickTask-macOS" */;
			buildPhases = (
				B53707FC226F188600ACFA62 /* Sources */,
				B53707FD226F188600ACFA62 /* Frameworks */,
				B53707FE226F188600ACFA62 /* Resources */,
			);
			buildRules = (
			);
			dependencies = (
			);
			name = "TickTask-macOS";
			productName = TickTask;
			productReference = B5370800226F188600ACFA62 /* Tick Task.app */;
			productType = "com.apple.product-type.application";
		};
		B5370835226F18A200ACFA62 /* TickTask-iOS */ = {
			isa = PBXNativeTarget;
			buildConfigurationList = B537085E226F18A300ACFA62 /* Build configuration list for PBXNativeTarget "TickTask-iOS" */;
			buildPhases = (
				B5370832226F18A200ACFA62 /* Sources */,
				B5370833226F18A200ACFA62 /* Frameworks */,
				B5370834226F18A200ACFA62 /* Resources */,
			);
			buildRules = (
			);
			dependencies = (
			);
			name = "TickTask-iOS";
			productName = "TickTask-iOS";
			productReference = B5370836226F18A200ACFA62 /* Tick Task.app */;
			productType = "com.apple.product-type.application";
		};
		B5E6616322855EA100E9A0BC /* TickTask-iOSTests */ = {
			isa = PBXNativeTarget;
			buildConfigurationList = B5E6616B22855EA100E9A0BC /* Build configuration list for PBXNativeTarget "TickTask-iOSTests" */;
			buildPhases = (
				B5E6616022855EA100E9A0BC /* Sources */,
				B5E6616122855EA100E9A0BC /* Frameworks */,
				B5E6616222855EA100E9A0BC /* Resources */,
			);
			buildRules = (
			);
			dependencies = (
				B5E6616A22855EA100E9A0BC /* PBXTargetDependency */,
			);
			name = "TickTask-iOSTests";
			productName = "TickTask-iOSTests";
			productReference = B5E6616422855EA100E9A0BC /* TickTask-iOSTests.xctest */;
			productType = "com.apple.product-type.bundle.unit-test";
		};
		B5E6617122855EB600E9A0BC /* TickTask-macOSTests */ = {
			isa = PBXNativeTarget;
			buildConfigurationList = B5E6617922855EB600E9A0BC /* Build configuration list for PBXNativeTarget "TickTask-macOSTests" */;
			buildPhases = (
				B5E6616E22855EB600E9A0BC /* Sources */,
				B5E6616F22855EB600E9A0BC /* Frameworks */,
				B5E6617022855EB600E9A0BC /* Resources */,
			);
			buildRules = (
			);
			dependencies = (
				B5E6617822855EB600E9A0BC /* PBXTargetDependency */,
			);
			name = "TickTask-macOSTests";
			productName = "TickTask-macOSTests";
			productReference = B5E6617222855EB600E9A0BC /* TickTask-macOSTests.xctest */;
			productType = "com.apple.product-type.bundle.unit-test";
		};
		B5E6617F22855EC800E9A0BC /* TickTask-iOSUITests */ = {
			isa = PBXNativeTarget;
			buildConfigurationList = B5E6618722855EC800E9A0BC /* Build configuration list for PBXNativeTarget "TickTask-iOSUITests" */;
			buildPhases = (
				B5E6617C22855EC800E9A0BC /* Sources */,
				B5E6617D22855EC800E9A0BC /* Frameworks */,
				B5E6617E22855EC800E9A0BC /* Resources */,
			);
			buildRules = (
			);
			dependencies = (
				B5E6618622855EC800E9A0BC /* PBXTargetDependency */,
			);
			name = "TickTask-iOSUITests";
			productName = "TickTask-iOSUITests";
			productReference = B5E6618022855EC800E9A0BC /* TickTask-iOSUITests.xctest */;
			productType = "com.apple.product-type.bundle.ui-testing";
		};
		B5E6618D22855EDA00E9A0BC /* TickTask-macOSUITests */ = {
			isa = PBXNativeTarget;
			buildConfigurationList = B5E6619522855EDA00E9A0BC /* Build configuration list for PBXNativeTarget "TickTask-macOSUITests" */;
			buildPhases = (
				B5E6618A22855EDA00E9A0BC /* Sources */,
				B5E6618B22855EDA00E9A0BC /* Frameworks */,
				B5E6618C22855EDA00E9A0BC /* Resources */,
			);
			buildRules = (
			);
			dependencies = (
				B5E6619422855EDA00E9A0BC /* PBXTargetDependency */,
			);
			name = "TickTask-macOSUITests";
			productName = "TickTask-macOSUITests";
			productReference = B5E6618E22855EDA00E9A0BC /* TickTask-macOSUITests.xctest */;
			productType = "com.apple.product-type.bundle.ui-testing";
		};
/* End PBXNativeTarget section */

/* Begin PBXProject section */
		B53707F8226F188600ACFA62 /* Project object */ = {
			isa = PBXProject;
			attributes = {
				LastSwiftUpdateCheck = 1020;
				LastUpgradeCheck = 1020;
				ORGANIZATIONNAME = joshgrant;
				TargetAttributes = {
					B53707FF226F188600ACFA62 = {
						CreatedOnToolsVersion = 10.2;
						SystemCapabilities = {
							com.apple.ApplicationGroups.Mac = {
								enabled = 1;
							};
							com.apple.HardenedRuntime = {
								enabled = 1;
							};
						};
					};
					B5370835226F18A200ACFA62 = {
						CreatedOnToolsVersion = 10.2;
						SystemCapabilities = {
							com.apple.ApplicationGroups.iOS = {
								enabled = 1;
							};
							com.apple.BackgroundModes = {
								enabled = 0;
							};
						};
					};
					B5E6616322855EA100E9A0BC = {
						CreatedOnToolsVersion = 10.2.1;
						TestTargetID = B5370835226F18A200ACFA62;
					};
					B5E6617122855EB600E9A0BC = {
						CreatedOnToolsVersion = 10.2.1;
						TestTargetID = B53707FF226F188600ACFA62;
					};
					B5E6617F22855EC800E9A0BC = {
						CreatedOnToolsVersion = 10.2.1;
						TestTargetID = B5370835226F18A200ACFA62;
					};
					B5E6618D22855EDA00E9A0BC = {
						CreatedOnToolsVersion = 10.2.1;
						TestTargetID = B53707FF226F188600ACFA62;
					};
				};
			};
			buildConfigurationList = B53707FB226F188600ACFA62 /* Build configuration list for PBXProject "TickTask" */;
			compatibilityVersion = "Xcode 9.3";
			developmentRegion = en;
			hasScannedForEncodings = 0;
			knownRegions = (
				en,
				Base,
				fr,
			);
			mainGroup = B53707F7226F188600ACFA62;
			productRefGroup = B5370801226F188600ACFA62 /* Products */;
			projectDirPath = "";
			projectRoot = "";
			targets = (
				B53707FF226F188600ACFA62 /* TickTask-macOS */,
				B5370835226F18A200ACFA62 /* TickTask-iOS */,
				B5E6616322855EA100E9A0BC /* TickTask-iOSTests */,
				B5E6617122855EB600E9A0BC /* TickTask-macOSTests */,
				B5E6617F22855EC800E9A0BC /* TickTask-iOSUITests */,
				B5E6618D22855EDA00E9A0BC /* TickTask-macOSUITests */,
			);
		};
/* End PBXProject section */

/* Begin PBXResourcesBuildPhase section */
		B53707FE226F188600ACFA62 /* Resources */ = {
			isa = PBXResourcesBuildPhase;
			buildActionMask = 2147483647;
			files = (
				B533BAAA2282F9F200D68D79 /* Localizable.strings in Resources */,
				B537080B226F188600ACFA62 /* Assets.xcassets in Resources */,
				B537080E226F188600ACFA62 /* Main.storyboard in Resources */,
			);
			runOnlyForDeploymentPostprocessing = 0;
		};
		B5370834226F18A200ACFA62 /* Resources */ = {
			isa = PBXResourcesBuildPhase;
			buildActionMask = 2147483647;
			files = (
				B533BAAE2282FC6900D68D79 /* Localizable.strings in Resources */,
				B5370846226F18A300ACFA62 /* LaunchScreen.storyboard in Resources */,
				B5370843226F18A300ACFA62 /* Assets.xcassets in Resources */,
				B537083E226F18A200ACFA62 /* Main.storyboard in Resources */,
			);
			runOnlyForDeploymentPostprocessing = 0;
		};
		B5E6616222855EA100E9A0BC /* Resources */ = {
			isa = PBXResourcesBuildPhase;
			buildActionMask = 2147483647;
			files = (
			);
			runOnlyForDeploymentPostprocessing = 0;
		};
		B5E6617022855EB600E9A0BC /* Resources */ = {
			isa = PBXResourcesBuildPhase;
			buildActionMask = 2147483647;
			files = (
			);
			runOnlyForDeploymentPostprocessing = 0;
		};
		B5E6617E22855EC800E9A0BC /* Resources */ = {
			isa = PBXResourcesBuildPhase;
			buildActionMask = 2147483647;
			files = (
			);
			runOnlyForDeploymentPostprocessing = 0;
		};
		B5E6618C22855EDA00E9A0BC /* Resources */ = {
			isa = PBXResourcesBuildPhase;
			buildActionMask = 2147483647;
			files = (
			);
			runOnlyForDeploymentPostprocessing = 0;
		};
/* End PBXResourcesBuildPhase section */

/* Begin PBXSourcesBuildPhase section */
		B53707FC226F188600ACFA62 /* Sources */ = {
			isa = PBXSourcesBuildPhase;
			buildActionMask = 2147483647;
			files = (
				B5BB041022846294008C8493 /* ImageView.swift in Sources */,
				B542F787227EB2AC0045552D /* NSView+.swift in Sources */,
				B542F789227EBF520045552D /* NSImage+.swift in Sources */,
				B542F785227EAB0E0045552D /* TimeInterval+.swift in Sources */,
				B5370806226F188600ACFA62 /* ViewController.swift in Sources */,
				B5370804226F188600ACFA62 /* AppDelegate.swift in Sources */,
				B542F78D227EC9720045552D /* CGFloat+.swift in Sources */,
				B542F78B227EBFC10045552D /* NSPoint+.swift in Sources */,
			);
			runOnlyForDeploymentPostprocessing = 0;
		};
		B5370832226F18A200ACFA62 /* Sources */ = {
			isa = PBXSourcesBuildPhase;
			buildActionMask = 2147483647;
			files = (
				B542F799227ECDA90045552D /* CGPoint+.swift in Sources */,
				B537083B226F18A200ACFA62 /* ViewController.swift in Sources */,
				B542F797227ECD600045552D /* UIView+.swift in Sources */,
				B5370839226F18A200ACFA62 /* AppDelegate.swift in Sources */,
			);
			runOnlyForDeploymentPostprocessing = 0;
		};
		B5E6616022855EA100E9A0BC /* Sources */ = {
			isa = PBXSourcesBuildPhase;
			buildActionMask = 2147483647;
			files = (
				B5E6616722855EA100E9A0BC /* TickTask_iOSTests.swift in Sources */,
			);
			runOnlyForDeploymentPostprocessing = 0;
		};
		B5E6616E22855EB600E9A0BC /* Sources */ = {
			isa = PBXSourcesBuildPhase;
			buildActionMask = 2147483647;
			files = (
				B5E6617522855EB600E9A0BC /* TickTask_macOSTests.swift in Sources */,
			);
			runOnlyForDeploymentPostprocessing = 0;
		};
		B5E6617C22855EC800E9A0BC /* Sources */ = {
			isa = PBXSourcesBuildPhase;
			buildActionMask = 2147483647;
			files = (
				B5E6618322855EC800E9A0BC /* TickTask_iOSUITests.swift in Sources */,
			);
			runOnlyForDeploymentPostprocessing = 0;
		};
		B5E6618A22855EDA00E9A0BC /* Sources */ = {
			isa = PBXSourcesBuildPhase;
			buildActionMask = 2147483647;
			files = (
				B5E6619122855EDA00E9A0BC /* TickTask_macOSUITests.swift in Sources */,
			);
			runOnlyForDeploymentPostprocessing = 0;
		};
/* End PBXSourcesBuildPhase section */

/* Begin PBXTargetDependency section */
		B5E6616A22855EA100E9A0BC /* PBXTargetDependency */ = {
			isa = PBXTargetDependency;
			target = B5370835226F18A200ACFA62 /* TickTask-iOS */;
			targetProxy = B5E6616922855EA100E9A0BC /* PBXContainerItemProxy */;
		};
		B5E6617822855EB600E9A0BC /* PBXTargetDependency */ = {
			isa = PBXTargetDependency;
			target = B53707FF226F188600ACFA62 /* TickTask-macOS */;
			targetProxy = B5E6617722855EB600E9A0BC /* PBXContainerItemProxy */;
		};
		B5E6618622855EC800E9A0BC /* PBXTargetDependency */ = {
			isa = PBXTargetDependency;
			target = B5370835226F18A200ACFA62 /* TickTask-iOS */;
			targetProxy = B5E6618522855EC800E9A0BC /* PBXContainerItemProxy */;
		};
		B5E6619422855EDA00E9A0BC /* PBXTargetDependency */ = {
			isa = PBXTargetDependency;
			target = B53707FF226F188600ACFA62 /* TickTask-macOS */;
			targetProxy = B5E6619322855EDA00E9A0BC /* PBXContainerItemProxy */;
		};
/* End PBXTargetDependency section */

/* Begin PBXVariantGroup section */
		B533BAAC2282F9F200D68D79 /* Localizable.strings */ = {
			isa = PBXVariantGroup;
			children = (
				B533BAAB2282F9F200D68D79 /* fr */,
				B533BAAD2282F9F600D68D79 /* en */,
			);
			name = Localizable.strings;
			sourceTree = "<group>";
		};
		B537080C226F188600ACFA62 /* Main.storyboard */ = {
			isa = PBXVariantGroup;
			children = (
				B537080D226F188600ACFA62 /* Base */,
				B533BAA52282F97B00D68D79 /* fr */,
			);
			name = Main.storyboard;
			sourceTree = "<group>";
		};
		B537083C226F18A200ACFA62 /* Main.storyboard */ = {
			isa = PBXVariantGroup;
			children = (
				B537083D226F18A200ACFA62 /* Base */,
				B533BAA62282F97B00D68D79 /* fr */,
			);
			name = Main.storyboard;
			sourceTree = "<group>";
		};
		B5370844226F18A300ACFA62 /* LaunchScreen.storyboard */ = {
			isa = PBXVariantGroup;
			children = (
				B5370845226F18A300ACFA62 /* Base */,
				B533BAA72282F97B00D68D79 /* fr */,
			);
			name = LaunchScreen.storyboard;
			sourceTree = "<group>";
		};
/* End PBXVariantGroup section */

/* Begin XCBuildConfiguration section */
		B5370827226F188600ACFA62 /* Debug */ = {
			isa = XCBuildConfiguration;
			buildSettings = {
				ALWAYS_SEARCH_USER_PATHS = NO;
				CLANG_ANALYZER_LOCALIZABILITY_NONLOCALIZED = YES;
				CLANG_ANALYZER_NONNULL = YES;
				CLANG_ANALYZER_NUMBER_OBJECT_CONVERSION = YES_AGGRESSIVE;
				CLANG_CXX_LANGUAGE_STANDARD = "compiler-default";
				CLANG_CXX_LIBRARY = "compiler-default";
				CLANG_ENABLE_MODULES = YES;
				CLANG_ENABLE_OBJC_ARC = YES;
				CLANG_ENABLE_OBJC_WEAK = YES;
				CLANG_WARN_BLOCK_CAPTURE_AUTORELEASING = YES;
				CLANG_WARN_BOOL_CONVERSION = YES;
				CLANG_WARN_COMMA = YES;
				CLANG_WARN_CONSTANT_CONVERSION = YES;
				CLANG_WARN_DEPRECATED_OBJC_IMPLEMENTATIONS = YES;
				CLANG_WARN_DIRECT_OBJC_ISA_USAGE = YES_ERROR;
				CLANG_WARN_DOCUMENTATION_COMMENTS = YES;
				CLANG_WARN_EMPTY_BODY = YES;
				CLANG_WARN_ENUM_CONVERSION = YES;
				CLANG_WARN_INFINITE_RECURSION = YES;
				CLANG_WARN_INT_CONVERSION = YES;
				CLANG_WARN_NON_LITERAL_NULL_CONVERSION = YES;
				CLANG_WARN_OBJC_IMPLICIT_RETAIN_SELF = YES;
				CLANG_WARN_OBJC_LITERAL_CONVERSION = YES;
				CLANG_WARN_OBJC_ROOT_CLASS = YES_ERROR;
				CLANG_WARN_RANGE_LOOP_ANALYSIS = YES;
				CLANG_WARN_STRICT_PROTOTYPES = YES;
				CLANG_WARN_SUSPICIOUS_MOVE = YES;
				CLANG_WARN_UNGUARDED_AVAILABILITY = YES_AGGRESSIVE;
				CLANG_WARN_UNREACHABLE_CODE = YES;
				CLANG_WARN__DUPLICATE_METHOD_MATCH = YES;
				CODE_SIGN_IDENTITY = "Mac Developer";
				COPY_PHASE_STRIP = NO;
				DEBUG_INFORMATION_FORMAT = dwarf;
				ENABLE_STRICT_OBJC_MSGSEND = YES;
				ENABLE_TESTABILITY = YES;
				GCC_C_LANGUAGE_STANDARD = "compiler-default";
				GCC_DYNAMIC_NO_PIC = NO;
				GCC_NO_COMMON_BLOCKS = YES;
				GCC_OPTIMIZATION_LEVEL = 0;
				GCC_PREPROCESSOR_DEFINITIONS = (
					"DEBUG=1",
					"$(inherited)",
				);
				GCC_WARN_64_TO_32_BIT_CONVERSION = YES;
				GCC_WARN_ABOUT_RETURN_TYPE = YES_ERROR;
				GCC_WARN_UNDECLARED_SELECTOR = YES;
				GCC_WARN_UNINITIALIZED_AUTOS = YES_AGGRESSIVE;
				GCC_WARN_UNUSED_FUNCTION = YES;
				GCC_WARN_UNUSED_VARIABLE = YES;
				IPHONEOS_DEPLOYMENT_TARGET = 10.1;
				MACOSX_DEPLOYMENT_TARGET = 10.11;
				MTL_ENABLE_DEBUG_INFO = INCLUDE_SOURCE;
				MTL_FAST_MATH = YES;
				ONLY_ACTIVE_ARCH = YES;
				SDKROOT = macosx;
				SWIFT_ACTIVE_COMPILATION_CONDITIONS = DEBUG;
				SWIFT_OPTIMIZATION_LEVEL = "-Onone";
				SWIFT_VERSION = 5.0;
				TARGETED_DEVICE_FAMILY = "1,2";
			};
			name = Debug;
		};
		B5370828226F188600ACFA62 /* Release */ = {
			isa = XCBuildConfiguration;
			buildSettings = {
				ALWAYS_SEARCH_USER_PATHS = NO;
				CLANG_ANALYZER_LOCALIZABILITY_NONLOCALIZED = YES;
				CLANG_ANALYZER_NONNULL = YES;
				CLANG_ANALYZER_NUMBER_OBJECT_CONVERSION = YES_AGGRESSIVE;
				CLANG_CXX_LANGUAGE_STANDARD = "compiler-default";
				CLANG_CXX_LIBRARY = "compiler-default";
				CLANG_ENABLE_MODULES = YES;
				CLANG_ENABLE_OBJC_ARC = YES;
				CLANG_ENABLE_OBJC_WEAK = YES;
				CLANG_WARN_BLOCK_CAPTURE_AUTORELEASING = YES;
				CLANG_WARN_BOOL_CONVERSION = YES;
				CLANG_WARN_COMMA = YES;
				CLANG_WARN_CONSTANT_CONVERSION = YES;
				CLANG_WARN_DEPRECATED_OBJC_IMPLEMENTATIONS = YES;
				CLANG_WARN_DIRECT_OBJC_ISA_USAGE = YES_ERROR;
				CLANG_WARN_DOCUMENTATION_COMMENTS = YES;
				CLANG_WARN_EMPTY_BODY = YES;
				CLANG_WARN_ENUM_CONVERSION = YES;
				CLANG_WARN_INFINITE_RECURSION = YES;
				CLANG_WARN_INT_CONVERSION = YES;
				CLANG_WARN_NON_LITERAL_NULL_CONVERSION = YES;
				CLANG_WARN_OBJC_IMPLICIT_RETAIN_SELF = YES;
				CLANG_WARN_OBJC_LITERAL_CONVERSION = YES;
				CLANG_WARN_OBJC_ROOT_CLASS = YES_ERROR;
				CLANG_WARN_RANGE_LOOP_ANALYSIS = YES;
				CLANG_WARN_STRICT_PROTOTYPES = YES;
				CLANG_WARN_SUSPICIOUS_MOVE = YES;
				CLANG_WARN_UNGUARDED_AVAILABILITY = YES_AGGRESSIVE;
				CLANG_WARN_UNREACHABLE_CODE = YES;
				CLANG_WARN__DUPLICATE_METHOD_MATCH = YES;
				CODE_SIGN_IDENTITY = "Mac Developer";
				COPY_PHASE_STRIP = NO;
				DEBUG_INFORMATION_FORMAT = "dwarf-with-dsym";
				ENABLE_NS_ASSERTIONS = NO;
				ENABLE_STRICT_OBJC_MSGSEND = YES;
				GCC_C_LANGUAGE_STANDARD = "compiler-default";
				GCC_NO_COMMON_BLOCKS = YES;
				GCC_OPTIMIZATION_LEVEL = fast;
				GCC_WARN_64_TO_32_BIT_CONVERSION = YES;
				GCC_WARN_ABOUT_RETURN_TYPE = YES_ERROR;
				GCC_WARN_UNDECLARED_SELECTOR = YES;
				GCC_WARN_UNINITIALIZED_AUTOS = YES_AGGRESSIVE;
				GCC_WARN_UNUSED_FUNCTION = YES;
				GCC_WARN_UNUSED_VARIABLE = YES;
				IPHONEOS_DEPLOYMENT_TARGET = 10.1;
				MACOSX_DEPLOYMENT_TARGET = 10.11;
				MTL_ENABLE_DEBUG_INFO = NO;
				MTL_FAST_MATH = YES;
				SDKROOT = macosx;
				SWIFT_COMPILATION_MODE = wholemodule;
				SWIFT_OPTIMIZATION_LEVEL = "-O";
				SWIFT_VERSION = 5.0;
				TARGETED_DEVICE_FAMILY = "1,2";
			};
			name = Release;
		};
		B537082A226F188600ACFA62 /* Debug */ = {
			isa = XCBuildConfiguration;
			buildSettings = {
				ASSETCATALOG_COMPILER_APPICON_NAME = AppIcon;
				CODE_SIGN_ENTITLEMENTS = "TickTask-macOS/TickTask-macOS.entitlements";
				CODE_SIGN_IDENTITY = "Mac Developer";
				CODE_SIGN_STYLE = Automatic;
				COMBINE_HIDPI_IMAGES = YES;
				DEVELOPMENT_TEAM = 685257RUQP;
				ENABLE_HARDENED_RUNTIME = YES;
				INFOPLIST_FILE = "$(SRCROOT)/TickTask-macOS/Info.plist";
				LD_RUNPATH_SEARCH_PATHS = (
					"$(inherited)",
					"@executable_path/../Frameworks",
				);
				MACOSX_DEPLOYMENT_TARGET = 10.14;
				PRODUCT_BUNDLE_IDENTIFIER = "me.joshgrant.TickTask-macOS";
				PRODUCT_NAME = "Tick Task";
				PROVISIONING_PROFILE_SPECIFIER = "";
				SWIFT_VERSION = 5.0;
			};
			name = Debug;
		};
		B537082B226F188600ACFA62 /* Release */ = {
			isa = XCBuildConfiguration;
			buildSettings = {
				ASSETCATALOG_COMPILER_APPICON_NAME = AppIcon;
				CODE_SIGN_ENTITLEMENTS = "TickTask-macOS/TickTask-macOS.entitlements";
				CODE_SIGN_IDENTITY = "Mac Developer";
				CODE_SIGN_STYLE = Automatic;
				COMBINE_HIDPI_IMAGES = YES;
				DEVELOPMENT_TEAM = 685257RUQP;
				ENABLE_HARDENED_RUNTIME = YES;
				INFOPLIST_FILE = "$(SRCROOT)/TickTask-macOS/Info.plist";
				LD_RUNPATH_SEARCH_PATHS = (
					"$(inherited)",
					"@executable_path/../Frameworks",
				);
				MACOSX_DEPLOYMENT_TARGET = 10.14;
				PRODUCT_BUNDLE_IDENTIFIER = "me.joshgrant.TickTask-macOS";
				PRODUCT_NAME = "Tick Task";
				PROVISIONING_PROFILE_SPECIFIER = "";
				SWIFT_VERSION = 5.0;
			};
			name = Release;
		};
		B537085F226F18A300ACFA62 /* Debug */ = {
			isa = XCBuildConfiguration;
			buildSettings = {
				ASSETCATALOG_COMPILER_APPICON_NAME = AppIcon;
				CODE_SIGN_ENTITLEMENTS = "TickTask-iOS/TickTask-iOS.entitlements";
				CODE_SIGN_IDENTITY = "iPhone Developer";
				CODE_SIGN_STYLE = Automatic;
				DEVELOPMENT_TEAM = 685257RUQP;
				INFOPLIST_FILE = "TickTask-iOS/Info.plist";
				IPHONEOS_DEPLOYMENT_TARGET = 12.2;
				LD_RUNPATH_SEARCH_PATHS = (
					"$(inherited)",
					"@executable_path/Frameworks",
				);
				PRODUCT_BUNDLE_IDENTIFIER = "me.joshgrant.TickTask-iOS";
				PRODUCT_NAME = "Tick Task";
				SDKROOT = iphoneos;
				SWIFT_VERSION = 5.0;
				TARGETED_DEVICE_FAMILY = "1,2";
			};
			name = Debug;
		};
		B5370860226F18A300ACFA62 /* Release */ = {
			isa = XCBuildConfiguration;
			buildSettings = {
				ASSETCATALOG_COMPILER_APPICON_NAME = AppIcon;
				CODE_SIGN_ENTITLEMENTS = "TickTask-iOS/TickTask-iOS.entitlements";
				CODE_SIGN_IDENTITY = "iPhone Developer";
				CODE_SIGN_STYLE = Automatic;
				DEVELOPMENT_TEAM = 685257RUQP;
				INFOPLIST_FILE = "TickTask-iOS/Info.plist";
				IPHONEOS_DEPLOYMENT_TARGET = 12.2;
				LD_RUNPATH_SEARCH_PATHS = (
					"$(inherited)",
					"@executable_path/Frameworks",
				);
				PRODUCT_BUNDLE_IDENTIFIER = "me.joshgrant.TickTask-iOS";
				PRODUCT_NAME = "Tick Task";
				SDKROOT = iphoneos;
				SWIFT_VERSION = 5.0;
				TARGETED_DEVICE_FAMILY = "1,2";
				VALIDATE_PRODUCT = YES;
			};
			name = Release;
		};
		B5E6616C22855EA100E9A0BC /* Debug */ = {
			isa = XCBuildConfiguration;
			buildSettings = {
				BUNDLE_LOADER = "$(TEST_HOST)";
				CLANG_CXX_LANGUAGE_STANDARD = "gnu++14";
				CLANG_CXX_LIBRARY = "libc++";
				CODE_SIGN_IDENTITY = "iPhone Developer";
				CODE_SIGN_STYLE = Automatic;
				DEVELOPMENT_TEAM = 685257RUQP;
				GCC_C_LANGUAGE_STANDARD = gnu11;
				INFOPLIST_FILE = "TickTask-iOSTests/Info.plist";
				IPHONEOS_DEPLOYMENT_TARGET = 12.2;
				LD_RUNPATH_SEARCH_PATHS = (
					"$(inherited)",
					"@executable_path/Frameworks",
					"@loader_path/Frameworks",
				);
				PRODUCT_BUNDLE_IDENTIFIER = "me.joshgrant.TickTask-iOSTests";
				PRODUCT_NAME = "$(TARGET_NAME)";
				SDKROOT = iphoneos;
				SWIFT_VERSION = 5.0;
				TARGETED_DEVICE_FAMILY = "1,2";
				TEST_HOST = "$(BUILT_PRODUCTS_DIR)/Tick Task.app/Tick Task";
			};
			name = Debug;
		};
		B5E6616D22855EA100E9A0BC /* Release */ = {
			isa = XCBuildConfiguration;
			buildSettings = {
				BUNDLE_LOADER = "$(TEST_HOST)";
				CLANG_CXX_LANGUAGE_STANDARD = "gnu++14";
				CLANG_CXX_LIBRARY = "libc++";
				CODE_SIGN_IDENTITY = "iPhone Developer";
				CODE_SIGN_STYLE = Automatic;
				DEVELOPMENT_TEAM = 685257RUQP;
				GCC_C_LANGUAGE_STANDARD = gnu11;
				INFOPLIST_FILE = "TickTask-iOSTests/Info.plist";
				IPHONEOS_DEPLOYMENT_TARGET = 12.2;
				LD_RUNPATH_SEARCH_PATHS = (
					"$(inherited)",
					"@executable_path/Frameworks",
					"@loader_path/Frameworks",
				);
				PRODUCT_BUNDLE_IDENTIFIER = "me.joshgrant.TickTask-iOSTests";
				PRODUCT_NAME = "$(TARGET_NAME)";
				SDKROOT = iphoneos;
				SWIFT_VERSION = 5.0;
				TARGETED_DEVICE_FAMILY = "1,2";
				TEST_HOST = "$(BUILT_PRODUCTS_DIR)/Tick Task.app/Tick Task";
				VALIDATE_PRODUCT = YES;
			};
			name = Release;
		};
		B5E6617A22855EB600E9A0BC /* Debug */ = {
			isa = XCBuildConfiguration;
			buildSettings = {
				BUNDLE_LOADER = "$(TEST_HOST)";
				CLANG_CXX_LANGUAGE_STANDARD = "gnu++14";
				CLANG_CXX_LIBRARY = "libc++";
				CODE_SIGN_STYLE = Automatic;
				COMBINE_HIDPI_IMAGES = YES;
				DEVELOPMENT_TEAM = 685257RUQP;
				GCC_C_LANGUAGE_STANDARD = gnu11;
				INFOPLIST_FILE = "TickTask-macOSTests/Info.plist";
				LD_RUNPATH_SEARCH_PATHS = (
					"$(inherited)",
					"@executable_path/../Frameworks",
					"@loader_path/../Frameworks",
				);
				MACOSX_DEPLOYMENT_TARGET = 10.14;
				PRODUCT_BUNDLE_IDENTIFIER = "me.joshgrant.TickTask-macOSTests";
				PRODUCT_NAME = "$(TARGET_NAME)";
				SWIFT_VERSION = 5.0;
				TEST_HOST = "$(BUILT_PRODUCTS_DIR)/Tick Task.app/Contents/MacOS/Tick Task";
			};
			name = Debug;
		};
		B5E6617B22855EB600E9A0BC /* Release */ = {
			isa = XCBuildConfiguration;
			buildSettings = {
				BUNDLE_LOADER = "$(TEST_HOST)";
				CLANG_CXX_LANGUAGE_STANDARD = "gnu++14";
				CLANG_CXX_LIBRARY = "libc++";
				CODE_SIGN_STYLE = Automatic;
				COMBINE_HIDPI_IMAGES = YES;
				DEVELOPMENT_TEAM = 685257RUQP;
				GCC_C_LANGUAGE_STANDARD = gnu11;
				INFOPLIST_FILE = "TickTask-macOSTests/Info.plist";
				LD_RUNPATH_SEARCH_PATHS = (
					"$(inherited)",
					"@executable_path/../Frameworks",
					"@loader_path/../Frameworks",
				);
				MACOSX_DEPLOYMENT_TARGET = 10.14;
				PRODUCT_BUNDLE_IDENTIFIER = "me.joshgrant.TickTask-macOSTests";
				PRODUCT_NAME = "$(TARGET_NAME)";
				SWIFT_VERSION = 5.0;
				TEST_HOST = "$(BUILT_PRODUCTS_DIR)/Tick Task.app/Contents/MacOS/Tick Task";
			};
			name = Release;
		};
		B5E6618822855EC800E9A0BC /* Debug */ = {
			isa = XCBuildConfiguration;
			buildSettings = {
				CLANG_CXX_LANGUAGE_STANDARD = "gnu++14";
				CLANG_CXX_LIBRARY = "libc++";
				CODE_SIGN_IDENTITY = "iPhone Developer";
				CODE_SIGN_STYLE = Automatic;
				DEVELOPMENT_TEAM = 685257RUQP;
				GCC_C_LANGUAGE_STANDARD = gnu11;
				INFOPLIST_FILE = "TickTask-iOSUITests/Info.plist";
				IPHONEOS_DEPLOYMENT_TARGET = 12.2;
				LD_RUNPATH_SEARCH_PATHS = (
					"$(inherited)",
					"@executable_path/Frameworks",
					"@loader_path/Frameworks",
				);
				PRODUCT_BUNDLE_IDENTIFIER = "me.joshgrant.TickTask-iOSUITests";
				PRODUCT_NAME = "$(TARGET_NAME)";
				SDKROOT = iphoneos;
				SWIFT_VERSION = 5.0;
				TARGETED_DEVICE_FAMILY = "1,2";
				TEST_TARGET_NAME = "TickTask-iOS";
			};
			name = Debug;
		};
		B5E6618922855EC800E9A0BC /* Release */ = {
			isa = XCBuildConfiguration;
			buildSettings = {
				CLANG_CXX_LANGUAGE_STANDARD = "gnu++14";
				CLANG_CXX_LIBRARY = "libc++";
				CODE_SIGN_IDENTITY = "iPhone Developer";
				CODE_SIGN_STYLE = Automatic;
				DEVELOPMENT_TEAM = 685257RUQP;
				GCC_C_LANGUAGE_STANDARD = gnu11;
				INFOPLIST_FILE = "TickTask-iOSUITests/Info.plist";
				IPHONEOS_DEPLOYMENT_TARGET = 12.2;
				LD_RUNPATH_SEARCH_PATHS = (
					"$(inherited)",
					"@executable_path/Frameworks",
					"@loader_path/Frameworks",
				);
				PRODUCT_BUNDLE_IDENTIFIER = "me.joshgrant.TickTask-iOSUITests";
				PRODUCT_NAME = "$(TARGET_NAME)";
				SDKROOT = iphoneos;
				SWIFT_VERSION = 5.0;
				TARGETED_DEVICE_FAMILY = "1,2";
				TEST_TARGET_NAME = "TickTask-iOS";
				VALIDATE_PRODUCT = YES;
			};
			name = Release;
		};
		B5E6619622855EDA00E9A0BC /* Debug */ = {
			isa = XCBuildConfiguration;
			buildSettings = {
				CLANG_CXX_LANGUAGE_STANDARD = "gnu++14";
				CLANG_CXX_LIBRARY = "libc++";
				CODE_SIGN_STYLE = Automatic;
				COMBINE_HIDPI_IMAGES = YES;
				DEVELOPMENT_TEAM = 685257RUQP;
				GCC_C_LANGUAGE_STANDARD = gnu11;
				INFOPLIST_FILE = "TickTask-macOSUITests/Info.plist";
				LD_RUNPATH_SEARCH_PATHS = (
					"$(inherited)",
					"@executable_path/../Frameworks",
					"@loader_path/../Frameworks",
				);
				MACOSX_DEPLOYMENT_TARGET = 10.14;
				PRODUCT_BUNDLE_IDENTIFIER = "me.joshgrant.TickTask-macOSUITests";
				PRODUCT_NAME = "$(TARGET_NAME)";
				SWIFT_VERSION = 5.0;
				TEST_TARGET_NAME = "TickTask-macOS";
			};
			name = Debug;
		};
		B5E6619722855EDA00E9A0BC /* Release */ = {
			isa = XCBuildConfiguration;
			buildSettings = {
				CLANG_CXX_LANGUAGE_STANDARD = "gnu++14";
				CLANG_CXX_LIBRARY = "libc++";
				CODE_SIGN_STYLE = Automatic;
				COMBINE_HIDPI_IMAGES = YES;
				DEVELOPMENT_TEAM = 685257RUQP;
				GCC_C_LANGUAGE_STANDARD = gnu11;
				INFOPLIST_FILE = "TickTask-macOSUITests/Info.plist";
				LD_RUNPATH_SEARCH_PATHS = (
					"$(inherited)",
					"@executable_path/../Frameworks",
					"@loader_path/../Frameworks",
				);
				MACOSX_DEPLOYMENT_TARGET = 10.14;
				PRODUCT_BUNDLE_IDENTIFIER = "me.joshgrant.TickTask-macOSUITests";
				PRODUCT_NAME = "$(TARGET_NAME)";
				SWIFT_VERSION = 5.0;
				TEST_TARGET_NAME = "TickTask-macOS";
			};
			name = Release;
		};
/* End XCBuildConfiguration section */

/* Begin XCConfigurationList section */
		B53707FB226F188600ACFA62 /* Build configuration list for PBXProject "TickTask" */ = {
			isa = XCConfigurationList;
			buildConfigurations = (
				B5370827226F188600ACFA62 /* Debug */,
				B5370828226F188600ACFA62 /* Release */,
			);
			defaultConfigurationIsVisible = 0;
			defaultConfigurationName = Release;
		};
		B5370829226F188600ACFA62 /* Build configuration list for PBXNativeTarget "TickTask-macOS" */ = {
			isa = XCConfigurationList;
			buildConfigurations = (
				B537082A226F188600ACFA62 /* Debug */,
				B537082B226F188600ACFA62 /* Release */,
			);
			defaultConfigurationIsVisible = 0;
			defaultConfigurationName = Release;
		};
		B537085E226F18A300ACFA62 /* Build configuration list for PBXNativeTarget "TickTask-iOS" */ = {
			isa = XCConfigurationList;
			buildConfigurations = (
				B537085F226F18A300ACFA62 /* Debug */,
				B5370860226F18A300ACFA62 /* Release */,
			);
			defaultConfigurationIsVisible = 0;
			defaultConfigurationName = Release;
		};
		B5E6616B22855EA100E9A0BC /* Build configuration list for PBXNativeTarget "TickTask-iOSTests" */ = {
			isa = XCConfigurationList;
			buildConfigurations = (
				B5E6616C22855EA100E9A0BC /* Debug */,
				B5E6616D22855EA100E9A0BC /* Release */,
			);
			defaultConfigurationIsVisible = 0;
			defaultConfigurationName = Release;
		};
		B5E6617922855EB600E9A0BC /* Build configuration list for PBXNativeTarget "TickTask-macOSTests" */ = {
			isa = XCConfigurationList;
			buildConfigurations = (
				B5E6617A22855EB600E9A0BC /* Debug */,
				B5E6617B22855EB600E9A0BC /* Release */,
			);
			defaultConfigurationIsVisible = 0;
			defaultConfigurationName = Release;
		};
		B5E6618722855EC800E9A0BC /* Build configuration list for PBXNativeTarget "TickTask-iOSUITests" */ = {
			isa = XCConfigurationList;
			buildConfigurations = (
				B5E6618822855EC800E9A0BC /* Debug */,
				B5E6618922855EC800E9A0BC /* Release */,
			);
			defaultConfigurationIsVisible = 0;
			defaultConfigurationName = Release;
		};
		B5E6619522855EDA00E9A0BC /* Build configuration list for PBXNativeTarget "TickTask-macOSUITests" */ = {
			isa = XCConfigurationList;
			buildConfigurations = (
				B5E6619622855EDA00E9A0BC /* Debug */,
				B5E6619722855EDA00E9A0BC /* Release */,
			);
			defaultConfigurationIsVisible = 0;
			defaultConfigurationName = Release;
		};
/* End XCConfigurationList section */
	};
	rootObject = B53707F8226F188600ACFA62 /* Project object */;
}
