// !$*UTF8*$!
{
	archiveVersion = 1;
	classes = {
	};
	objectVersion = 50;
	objects = {

/* Begin PBXBuildFile section */
		B51ECFAA2286BB1C00B1EBC9 /* main.swift in Sources */ = {isa = PBXBuildFile; fileRef = B51ECFA92286BB1C00B1EBC9 /* main.swift */; };
		B52273D82297C50800B00C95 /* Assets.xcassets in Resources */ = {isa = PBXBuildFile; fileRef = B52273D72297C50800B00C95 /* Assets.xcassets */; };
		B52273E42299643D00B00C95 /* Color.swift in Sources */ = {isa = PBXBuildFile; fileRef = B52273E32299643D00B00C95 /* Color.swift */; };
		B522742C2299C3B800B00C95 /* DialView.swift in Sources */ = {isa = PBXBuildFile; fileRef = B522742B2299C3B800B00C95 /* DialView.swift */; };
		B5370804226F188600ACFA62 /* AppDelegate.swift in Sources */ = {isa = PBXBuildFile; fileRef = B5370803226F188600ACFA62 /* AppDelegate.swift */; };
		B5370806226F188600ACFA62 /* ViewController.swift in Sources */ = {isa = PBXBuildFile; fileRef = B5370805226F188600ACFA62 /* ViewController.swift */; };
		B537080B226F188600ACFA62 /* Assets.xcassets in Resources */ = {isa = PBXBuildFile; fileRef = B537080A226F188600ACFA62 /* Assets.xcassets */; };
		B542F785227EAB0E0045552D /* TimeInterval+.swift in Sources */ = {isa = PBXBuildFile; fileRef = B542F784227EAB0E0045552D /* TimeInterval+.swift */; };
		B542F787227EB2AC0045552D /* NSView+.swift in Sources */ = {isa = PBXBuildFile; fileRef = B542F786227EB2AC0045552D /* NSView+.swift */; };
		B54DCE4A228722D0000EC5BB /* RightClickView.swift in Sources */ = {isa = PBXBuildFile; fileRef = B54DCE49228722D0000EC5BB /* RightClickView.swift */; };
		B54DCE4C22872D8A000EC5BB /* String+.swift in Sources */ = {isa = PBXBuildFile; fileRef = B54DCE4B22872D8A000EC5BB /* String+.swift */; };
		B54DCE4F22872F10000EC5BB /* Main.storyboard in Resources */ = {isa = PBXBuildFile; fileRef = B54DCE4E22872F10000EC5BB /* Main.storyboard */; };
		B54DCE5222873871000EC5BB /* Localizable.strings in Resources */ = {isa = PBXBuildFile; fileRef = B54DCE5422873871000EC5BB /* Localizable.strings */; };
		B58FF1EC228C327A00922A69 /* AppDelegate.swift in Sources */ = {isa = PBXBuildFile; fileRef = B58FF1EB228C327A00922A69 /* AppDelegate.swift */; };
		B58FF1EE228C327A00922A69 /* ViewController.swift in Sources */ = {isa = PBXBuildFile; fileRef = B58FF1ED228C327A00922A69 /* ViewController.swift */; };
		B58FF1F1228C327A00922A69 /* Main.storyboard in Resources */ = {isa = PBXBuildFile; fileRef = B58FF1EF228C327A00922A69 /* Main.storyboard */; };
		B58FF1F6228C327B00922A69 /* LaunchScreen.storyboard in Resources */ = {isa = PBXBuildFile; fileRef = B58FF1F4228C327B00922A69 /* LaunchScreen.storyboard */; };
		B58FF21D228C3DF400922A69 /* CGPoint+.swift in Sources */ = {isa = PBXBuildFile; fileRef = B58FF21C228C3DF400922A69 /* CGPoint+.swift */; };
		B58FF220228C422E00922A69 /* CGFloat+.swift in Sources */ = {isa = PBXBuildFile; fileRef = B58FF21F228C422E00922A69 /* CGFloat+.swift */; };
		B58FF224228C44B200922A69 /* DateComponentsFormatter.swift in Sources */ = {isa = PBXBuildFile; fileRef = B58FF223228C44B200922A69 /* DateComponentsFormatter.swift */; };
		B59C1F5122870B32000B0BA2 /* TickTask-macOSLauncher.app in Copy Helper App */ = {isa = PBXBuildFile; fileRef = B5D56C592286B2BD00338BF6 /* TickTask-macOSLauncher.app */; settings = {ATTRIBUTES = (RemoveHeadersOnCopy, ); }; };
		B5BB041022846294008C8493 /* DialView.swift in Sources */ = {isa = PBXBuildFile; fileRef = B5BB040F22846294008C8493 /* DialView.swift */; };
		B5CEA88C229A96E5008DB140 /* Circle.swift in Sources */ = {isa = PBXBuildFile; fileRef = B5CEA88B229A96E5008DB140 /* Circle.swift */; };
		B5CEA88F229A9713008DB140 /* Gradient.swift in Sources */ = {isa = PBXBuildFile; fileRef = B5CEA88E229A9713008DB140 /* Gradient.swift */; };
		B5CEA891229A972A008DB140 /* Border.swift in Sources */ = {isa = PBXBuildFile; fileRef = B5CEA890229A972A008DB140 /* Border.swift */; };
		B5CEA893229A9740008DB140 /* Shadow.swift in Sources */ = {isa = PBXBuildFile; fileRef = B5CEA892229A9740008DB140 /* Shadow.swift */; };
		B5CEA896229A9769008DB140 /* CGSize+.swift in Sources */ = {isa = PBXBuildFile; fileRef = B5CEA895229A9769008DB140 /* CGSize+.swift */; };
		B5CEA898229A977D008DB140 /* CGContext+.swift in Sources */ = {isa = PBXBuildFile; fileRef = B5CEA897229A977D008DB140 /* CGContext+.swift */; };
		B5CEA89A229AC11C008DB140 /* Shape.swift in Sources */ = {isa = PBXBuildFile; fileRef = B5CEA899229AC11C008DB140 /* Shape.swift */; };
		B5CEA89C229AC1F9008DB140 /* CGRect+.swift in Sources */ = {isa = PBXBuildFile; fileRef = B5CEA89B229AC1F9008DB140 /* CGRect+.swift */; };
		B5CEA89E229AC99B008DB140 /* DialShape.swift in Sources */ = {isa = PBXBuildFile; fileRef = B5CEA89D229AC99B008DB140 /* DialShape.swift */; };
		B5CEA8A1229AE43A008DB140 /* FaceView.swift in Sources */ = {isa = PBXBuildFile; fileRef = B5CEA8A0229AE43A008DB140 /* FaceView.swift */; };
		B5CEA8A3229AE54A008DB140 /* DrawingData.swift in Sources */ = {isa = PBXBuildFile; fileRef = B5CEA8A2229AE54A008DB140 /* DrawingData.swift */; };
		B5CEA8C0229B226C008DB140 /* DrawingData.swift in Sources */ = {isa = PBXBuildFile; fileRef = B5CEA8A2229AE54A008DB140 /* DrawingData.swift */; };
		B5CEA8C1229B228D008DB140 /* CGSize+.swift in Sources */ = {isa = PBXBuildFile; fileRef = B5CEA895229A9769008DB140 /* CGSize+.swift */; };
		B5CEA8C2229B2293008DB140 /* CGContext+.swift in Sources */ = {isa = PBXBuildFile; fileRef = B5CEA897229A977D008DB140 /* CGContext+.swift */; };
		B5CEA8C3229B22A2008DB140 /* CGRect+.swift in Sources */ = {isa = PBXBuildFile; fileRef = B5CEA89B229AC1F9008DB140 /* CGRect+.swift */; };
		B5CEA8C4229B22A6008DB140 /* CGFloat+.swift in Sources */ = {isa = PBXBuildFile; fileRef = B58FF21F228C422E00922A69 /* CGFloat+.swift */; };
		B5CEA8C5229B22A8008DB140 /* CGPoint+.swift in Sources */ = {isa = PBXBuildFile; fileRef = B58FF21C228C3DF400922A69 /* CGPoint+.swift */; };
		B5CEA8C6229B22B2008DB140 /* Color.swift in Sources */ = {isa = PBXBuildFile; fileRef = B52273E32299643D00B00C95 /* Color.swift */; };
		B5CEA8C7229B26CE008DB140 /* Circle.swift in Sources */ = {isa = PBXBuildFile; fileRef = B5CEA88B229A96E5008DB140 /* Circle.swift */; };
		B5CEA8C8229B26E3008DB140 /* Border.swift in Sources */ = {isa = PBXBuildFile; fileRef = B5CEA890229A972A008DB140 /* Border.swift */; };
		B5CEA8C9229B26E9008DB140 /* Shadow.swift in Sources */ = {isa = PBXBuildFile; fileRef = B5CEA892229A9740008DB140 /* Shadow.swift */; };
		B5CEA8CA229B26EE008DB140 /* Shape.swift in Sources */ = {isa = PBXBuildFile; fileRef = B5CEA899229AC11C008DB140 /* Shape.swift */; };
		B5CEA8CB229B26F7008DB140 /* DialShape.swift in Sources */ = {isa = PBXBuildFile; fileRef = B5CEA89D229AC99B008DB140 /* DialShape.swift */; };
		B5CEA8D0229B2772008DB140 /* Path.swift in Sources */ = {isa = PBXBuildFile; fileRef = B5CEA8CF229B2772008DB140 /* Path.swift */; };
		B5CEA8D1229B2857008DB140 /* Path.swift in Sources */ = {isa = PBXBuildFile; fileRef = B5CEA8CF229B2772008DB140 /* Path.swift */; };
		B5CEA8D2229B2862008DB140 /* Gradient.swift in Sources */ = {isa = PBXBuildFile; fileRef = B5CEA88E229A9713008DB140 /* Gradient.swift */; };
		B5CEA8D5229B2BA1008DB140 /* String+.swift in Sources */ = {isa = PBXBuildFile; fileRef = B54DCE4B22872D8A000EC5BB /* String+.swift */; };
		B5CEA8D9229B2EB2008DB140 /* DialState.swift in Sources */ = {isa = PBXBuildFile; fileRef = B5CEA8D8229B2EB2008DB140 /* DialState.swift */; };
		B5CEA8DA229B2EB5008DB140 /* DialState.swift in Sources */ = {isa = PBXBuildFile; fileRef = B5CEA8D8229B2EB2008DB140 /* DialState.swift */; };
		B5CEA8DC229B31F7008DB140 /* NSBezierPath+.swift in Sources */ = {isa = PBXBuildFile; fileRef = B5CEA8D6229B2D63008DB140 /* NSBezierPath+.swift */; };
		B5CEA8E0229B3905008DB140 /* DateComponentsFormatter.swift in Sources */ = {isa = PBXBuildFile; fileRef = B58FF223228C44B200922A69 /* DateComponentsFormatter.swift */; };
		B5CEA8E1229B391A008DB140 /* TimeInterval+.swift in Sources */ = {isa = PBXBuildFile; fileRef = B542F784227EAB0E0045552D /* TimeInterval+.swift */; };
		B5CEA8E2229B9A0D008DB140 /* NSImage+.swift in Sources */ = {isa = PBXBuildFile; fileRef = B542F788227EBF520045552D /* NSImage+.swift */; };
		B5CEA8E4229B9D4E008DB140 /* FaceView.swift in Sources */ = {isa = PBXBuildFile; fileRef = B5CEA8E3229B9D4E008DB140 /* FaceView.swift */; };
		B5CEA8E6229BA945008DB140 /* ViewController+.swift in Sources */ = {isa = PBXBuildFile; fileRef = B5CEA8E5229BA945008DB140 /* ViewController+.swift */; };
		B5CEA8E7229BA945008DB140 /* ViewController+.swift in Sources */ = {isa = PBXBuildFile; fileRef = B5CEA8E5229BA945008DB140 /* ViewController+.swift */; };
		B5CEA8E9229BAF72008DB140 /* ViewController+Notifications.swift in Sources */ = {isa = PBXBuildFile; fileRef = B5CEA8E8229BAF72008DB140 /* ViewController+Notifications.swift */; };
		B5CEA8EA229BAF72008DB140 /* ViewController+Notifications.swift in Sources */ = {isa = PBXBuildFile; fileRef = B5CEA8E8229BAF72008DB140 /* ViewController+Notifications.swift */; };
		B5CEA8EC229BB0A5008DB140 /* ViewController+Timer.swift in Sources */ = {isa = PBXBuildFile; fileRef = B5CEA8EB229BB0A5008DB140 /* ViewController+Timer.swift */; };
		B5CEA8ED229BB0A5008DB140 /* ViewController+Timer.swift in Sources */ = {isa = PBXBuildFile; fileRef = B5CEA8EB229BB0A5008DB140 /* ViewController+Timer.swift */; };
		B5CEA8EE229BC414008DB140 /* Localizable.strings in Resources */ = {isa = PBXBuildFile; fileRef = B54DCE5422873871000EC5BB /* Localizable.strings */; };
		B5CEA8F0229BF412008DB140 /* NSEvent+.swift in Sources */ = {isa = PBXBuildFile; fileRef = B5CEA8EF229BF412008DB140 /* NSEvent+.swift */; };
/* End PBXBuildFile section */

/* Begin PBXCopyFilesBuildPhase section */
		B5D56C6B2286B38900338BF6 /* Copy Helper App */ = {
			isa = PBXCopyFilesBuildPhase;
			buildActionMask = 2147483647;
			dstPath = Contents/Library/LoginItems;
			dstSubfolderSpec = 1;
			files = (
				B59C1F5122870B32000B0BA2 /* TickTask-macOSLauncher.app in Copy Helper App */,
			);
			name = "Copy Helper App";
			runOnlyForDeploymentPostprocessing = 0;
		};
/* End PBXCopyFilesBuildPhase section */

/* Begin PBXFileReference section */
		B51ECFA92286BB1C00B1EBC9 /* main.swift */ = {isa = PBXFileReference; lastKnownFileType = sourcecode.swift; path = main.swift; sourceTree = "<group>"; };
		B52273D72297C50800B00C95 /* Assets.xcassets */ = {isa = PBXFileReference; lastKnownFileType = folder.assetcatalog; path = Assets.xcassets; sourceTree = "<group>"; };
		B52273E32299643D00B00C95 /* Color.swift */ = {isa = PBXFileReference; lastKnownFileType = sourcecode.swift; path = Color.swift; sourceTree = "<group>"; };
		B522742B2299C3B800B00C95 /* DialView.swift */ = {isa = PBXFileReference; fileEncoding = 4; lastKnownFileType = sourcecode.swift; path = DialView.swift; sourceTree = "<group>"; };
		B5370800226F188600ACFA62 /* Tick Task.app */ = {isa = PBXFileReference; explicitFileType = wrapper.application; includeInIndex = 0; path = "Tick Task.app"; sourceTree = BUILT_PRODUCTS_DIR; };
		B5370803226F188600ACFA62 /* AppDelegate.swift */ = {isa = PBXFileReference; lastKnownFileType = sourcecode.swift; path = AppDelegate.swift; sourceTree = "<group>"; };
		B5370805226F188600ACFA62 /* ViewController.swift */ = {isa = PBXFileReference; lastKnownFileType = sourcecode.swift; path = ViewController.swift; sourceTree = "<group>"; };
		B537080A226F188600ACFA62 /* Assets.xcassets */ = {isa = PBXFileReference; lastKnownFileType = folder.assetcatalog; path = Assets.xcassets; sourceTree = "<group>"; };
		B537080F226F188600ACFA62 /* Info.plist */ = {isa = PBXFileReference; lastKnownFileType = text.plist.xml; path = Info.plist; sourceTree = "<group>"; };
		B5370810226F188600ACFA62 /* TickTask-macOS.entitlements */ = {isa = PBXFileReference; lastKnownFileType = text.plist.entitlements; path = "TickTask-macOS.entitlements"; sourceTree = "<group>"; };
		B542F784227EAB0E0045552D /* TimeInterval+.swift */ = {isa = PBXFileReference; lastKnownFileType = sourcecode.swift; path = "TimeInterval+.swift"; sourceTree = "<group>"; };
		B542F786227EB2AC0045552D /* NSView+.swift */ = {isa = PBXFileReference; lastKnownFileType = sourcecode.swift; path = "NSView+.swift"; sourceTree = "<group>"; };
		B542F788227EBF520045552D /* NSImage+.swift */ = {isa = PBXFileReference; lastKnownFileType = sourcecode.swift; path = "NSImage+.swift"; sourceTree = "<group>"; };
		B54DCE49228722D0000EC5BB /* RightClickView.swift */ = {isa = PBXFileReference; lastKnownFileType = sourcecode.swift; path = RightClickView.swift; sourceTree = "<group>"; };
		B54DCE4B22872D8A000EC5BB /* String+.swift */ = {isa = PBXFileReference; lastKnownFileType = sourcecode.swift; path = "String+.swift"; sourceTree = "<group>"; };
		B54DCE4E22872F10000EC5BB /* Main.storyboard */ = {isa = PBXFileReference; fileEncoding = 4; lastKnownFileType = file.storyboard; path = Main.storyboard; sourceTree = "<group>"; };
		B54DCE5322873871000EC5BB /* en */ = {isa = PBXFileReference; lastKnownFileType = text.plist.strings; name = en; path = en.lproj/Localizable.strings; sourceTree = "<group>"; };
		B54DCE5522873874000EC5BB /* fr */ = {isa = PBXFileReference; lastKnownFileType = text.plist.strings; name = fr; path = fr.lproj/Localizable.strings; sourceTree = "<group>"; };
		B58FF1E9228C327A00922A69 /* TickTask-iOS.app */ = {isa = PBXFileReference; explicitFileType = wrapper.application; includeInIndex = 0; path = "TickTask-iOS.app"; sourceTree = BUILT_PRODUCTS_DIR; };
		B58FF1EB228C327A00922A69 /* AppDelegate.swift */ = {isa = PBXFileReference; lastKnownFileType = sourcecode.swift; path = AppDelegate.swift; sourceTree = "<group>"; };
		B58FF1ED228C327A00922A69 /* ViewController.swift */ = {isa = PBXFileReference; lastKnownFileType = sourcecode.swift; path = ViewController.swift; sourceTree = "<group>"; };
		B58FF1F0228C327A00922A69 /* Base */ = {isa = PBXFileReference; lastKnownFileType = file.storyboard; name = Base; path = Base.lproj/Main.storyboard; sourceTree = "<group>"; };
		B58FF1F5228C327B00922A69 /* Base */ = {isa = PBXFileReference; lastKnownFileType = file.storyboard; name = Base; path = Base.lproj/LaunchScreen.storyboard; sourceTree = "<group>"; };
		B58FF1F7228C327B00922A69 /* Info.plist */ = {isa = PBXFileReference; lastKnownFileType = text.plist.xml; path = Info.plist; sourceTree = "<group>"; };
		B58FF21C228C3DF400922A69 /* CGPoint+.swift */ = {isa = PBXFileReference; lastKnownFileType = sourcecode.swift; path = "CGPoint+.swift"; sourceTree = "<group>"; };
		B58FF21E228C402300922A69 /* TickTask-iOS.entitlements */ = {isa = PBXFileReference; lastKnownFileType = text.plist.entitlements; path = "TickTask-iOS.entitlements"; sourceTree = "<group>"; };
		B58FF21F228C422E00922A69 /* CGFloat+.swift */ = {isa = PBXFileReference; lastKnownFileType = sourcecode.swift; path = "CGFloat+.swift"; sourceTree = "<group>"; };
		B58FF223228C44B200922A69 /* DateComponentsFormatter.swift */ = {isa = PBXFileReference; lastKnownFileType = sourcecode.swift; path = DateComponentsFormatter.swift; sourceTree = "<group>"; };
		B5BB040F22846294008C8493 /* DialView.swift */ = {isa = PBXFileReference; lastKnownFileType = sourcecode.swift; path = DialView.swift; sourceTree = "<group>"; };
		B5CEA88B229A96E5008DB140 /* Circle.swift */ = {isa = PBXFileReference; lastKnownFileType = sourcecode.swift; path = Circle.swift; sourceTree = "<group>"; };
		B5CEA88E229A9713008DB140 /* Gradient.swift */ = {isa = PBXFileReference; lastKnownFileType = sourcecode.swift; path = Gradient.swift; sourceTree = "<group>"; };
		B5CEA890229A972A008DB140 /* Border.swift */ = {isa = PBXFileReference; lastKnownFileType = sourcecode.swift; path = Border.swift; sourceTree = "<group>"; };
		B5CEA892229A9740008DB140 /* Shadow.swift */ = {isa = PBXFileReference; lastKnownFileType = sourcecode.swift; path = Shadow.swift; sourceTree = "<group>"; };
		B5CEA895229A9769008DB140 /* CGSize+.swift */ = {isa = PBXFileReference; lastKnownFileType = sourcecode.swift; path = "CGSize+.swift"; sourceTree = "<group>"; };
		B5CEA897229A977D008DB140 /* CGContext+.swift */ = {isa = PBXFileReference; lastKnownFileType = sourcecode.swift; path = "CGContext+.swift"; sourceTree = "<group>"; };
		B5CEA899229AC11C008DB140 /* Shape.swift */ = {isa = PBXFileReference; lastKnownFileType = sourcecode.swift; path = Shape.swift; sourceTree = "<group>"; };
		B5CEA89B229AC1F9008DB140 /* CGRect+.swift */ = {isa = PBXFileReference; lastKnownFileType = sourcecode.swift; path = "CGRect+.swift"; sourceTree = "<group>"; };
		B5CEA89D229AC99B008DB140 /* DialShape.swift */ = {isa = PBXFileReference; lastKnownFileType = sourcecode.swift; path = DialShape.swift; sourceTree = "<group>"; };
		B5CEA8A0229AE43A008DB140 /* FaceView.swift */ = {isa = PBXFileReference; lastKnownFileType = sourcecode.swift; path = FaceView.swift; sourceTree = "<group>"; };
		B5CEA8A2229AE54A008DB140 /* DrawingData.swift */ = {isa = PBXFileReference; lastKnownFileType = sourcecode.swift; path = DrawingData.swift; sourceTree = "<group>"; };
		B5CEA8CF229B2772008DB140 /* Path.swift */ = {isa = PBXFileReference; lastKnownFileType = sourcecode.swift; path = Path.swift; sourceTree = "<group>"; };
		B5CEA8D6229B2D63008DB140 /* NSBezierPath+.swift */ = {isa = PBXFileReference; lastKnownFileType = sourcecode.swift; path = "NSBezierPath+.swift"; sourceTree = "<group>"; };
		B5CEA8D8229B2EB2008DB140 /* DialState.swift */ = {isa = PBXFileReference; lastKnownFileType = sourcecode.swift; path = DialState.swift; sourceTree = "<group>"; };
		B5CEA8E3229B9D4E008DB140 /* FaceView.swift */ = {isa = PBXFileReference; lastKnownFileType = sourcecode.swift; path = FaceView.swift; sourceTree = "<group>"; };
		B5CEA8E5229BA945008DB140 /* ViewController+.swift */ = {isa = PBXFileReference; lastKnownFileType = sourcecode.swift; path = "ViewController+.swift"; sourceTree = "<group>"; };
		B5CEA8E8229BAF72008DB140 /* ViewController+Notifications.swift */ = {isa = PBXFileReference; lastKnownFileType = sourcecode.swift; path = "ViewController+Notifications.swift"; sourceTree = "<group>"; };
		B5CEA8EB229BB0A5008DB140 /* ViewController+Timer.swift */ = {isa = PBXFileReference; lastKnownFileType = sourcecode.swift; path = "ViewController+Timer.swift"; sourceTree = "<group>"; };
		B5CEA8EF229BF412008DB140 /* NSEvent+.swift */ = {isa = PBXFileReference; lastKnownFileType = sourcecode.swift; path = "NSEvent+.swift"; sourceTree = "<group>"; };
		B5D1D546228823FD005C04E0 /* zh-Hant */ = {isa = PBXFileReference; lastKnownFileType = text.plist.strings; name = "zh-Hant"; path = "zh-Hant.lproj/Localizable.strings"; sourceTree = "<group>"; };
		B5D1D54722882409005C04E0 /* ru */ = {isa = PBXFileReference; lastKnownFileType = text.plist.strings; name = ru; path = ru.lproj/Localizable.strings; sourceTree = "<group>"; };
		B5D1D54822882413005C04E0 /* pt-BR */ = {isa = PBXFileReference; lastKnownFileType = text.plist.strings; name = "pt-BR"; path = "pt-BR.lproj/Localizable.strings"; sourceTree = "<group>"; };
		B5D1D54922882417005C04E0 /* de */ = {isa = PBXFileReference; lastKnownFileType = text.plist.strings; name = de; path = de.lproj/Localizable.strings; sourceTree = "<group>"; };
		B5D1D54A22882426005C04E0 /* ja */ = {isa = PBXFileReference; lastKnownFileType = text.plist.strings; name = ja; path = ja.lproj/Localizable.strings; sourceTree = "<group>"; };
		B5D1D54D22885F94005C04E0 /* es */ = {isa = PBXFileReference; lastKnownFileType = text.plist.strings; name = es; path = es.lproj/Localizable.strings; sourceTree = "<group>"; };
		B5D1D54E22885F9B005C04E0 /* hi */ = {isa = PBXFileReference; lastKnownFileType = text.plist.strings; name = hi; path = hi.lproj/Localizable.strings; sourceTree = "<group>"; };
		B5D1D54F22885FA5005C04E0 /* it */ = {isa = PBXFileReference; lastKnownFileType = text.plist.strings; name = it; path = it.lproj/Localizable.strings; sourceTree = "<group>"; };
		B5D1D55022885FB0005C04E0 /* zh-Hans */ = {isa = PBXFileReference; lastKnownFileType = text.plist.strings; name = "zh-Hans"; path = "zh-Hans.lproj/Localizable.strings"; sourceTree = "<group>"; };
		B5D56C592286B2BD00338BF6 /* TickTask-macOSLauncher.app */ = {isa = PBXFileReference; explicitFileType = wrapper.application; includeInIndex = 0; path = "TickTask-macOSLauncher.app"; sourceTree = BUILT_PRODUCTS_DIR; };
		B5D56C622286B2BE00338BF6 /* Info.plist */ = {isa = PBXFileReference; lastKnownFileType = text.plist.xml; path = Info.plist; sourceTree = "<group>"; };
		B5D56C632286B2BE00338BF6 /* TickTask_macOSLauncher.entitlements */ = {isa = PBXFileReference; lastKnownFileType = text.plist.entitlements; path = TickTask_macOSLauncher.entitlements; sourceTree = "<group>"; };
/* End PBXFileReference section */

/* Begin PBXFrameworksBuildPhase section */
		B53707FD226F188600ACFA62 /* Frameworks */ = {
			isa = PBXFrameworksBuildPhase;
			buildActionMask = 2147483647;
			files = (
			);
			runOnlyForDeploymentPostprocessing = 0;
		};
		B58FF1E6228C327A00922A69 /* Frameworks */ = {
			isa = PBXFrameworksBuildPhase;
			buildActionMask = 2147483647;
			files = (
			);
			runOnlyForDeploymentPostprocessing = 0;
		};
		B5D56C562286B2BD00338BF6 /* Frameworks */ = {
			isa = PBXFrameworksBuildPhase;
			buildActionMask = 2147483647;
			files = (
			);
			runOnlyForDeploymentPostprocessing = 0;
		};
/* End PBXFrameworksBuildPhase section */

/* Begin PBXGroup section */
		B53707F7226F188600ACFA62 = {
			isa = PBXGroup;
			children = (
				B5D56C5A2286B2BD00338BF6 /* TickTask-macOSLauncher */,
				B58FF1EA228C327A00922A69 /* TickTask-iOS */,
				B5370802226F188600ACFA62 /* TickTask-macOS */,
				B5370801226F188600ACFA62 /* Products */,
			);
			sourceTree = "<group>";
		};
		B5370801226F188600ACFA62 /* Products */ = {
			isa = PBXGroup;
			children = (
				B5370800226F188600ACFA62 /* Tick Task.app */,
				B5D56C592286B2BD00338BF6 /* TickTask-macOSLauncher.app */,
				B58FF1E9228C327A00922A69 /* TickTask-iOS.app */,
			);
			name = Products;
			sourceTree = "<group>";
		};
		B5370802226F188600ACFA62 /* TickTask-macOS */ = {
			isa = PBXGroup;
			children = (
				B54DCE5422873871000EC5BB /* Localizable.strings */,
				B5370803226F188600ACFA62 /* AppDelegate.swift */,
				B537080A226F188600ACFA62 /* Assets.xcassets */,
				B5BB040F22846294008C8493 /* DialView.swift */,
				B537080F226F188600ACFA62 /* Info.plist */,
				B5CEA8E3229B9D4E008DB140 /* FaceView.swift */,
				B5CEA8F1229BF417008DB140 /* Extensions */,
				B54DCE4E22872F10000EC5BB /* Main.storyboard */,
				B54DCE49228722D0000EC5BB /* RightClickView.swift */,
				B5370810226F188600ACFA62 /* TickTask-macOS.entitlements */,
				B5370805226F188600ACFA62 /* ViewController.swift */,
			);
			path = "TickTask-macOS";
			sourceTree = "<group>";
		};
		B58FF1EA228C327A00922A69 /* TickTask-iOS */ = {
			isa = PBXGroup;
			children = (
				B5CEA8DB229B31DB008DB140 /* Shared */,
				B58FF21E228C402300922A69 /* TickTask-iOS.entitlements */,
				B522742B2299C3B800B00C95 /* DialView.swift */,
				B5CEA8A0229AE43A008DB140 /* FaceView.swift */,
				B58FF1EB228C327A00922A69 /* AppDelegate.swift */,
				B58FF1ED228C327A00922A69 /* ViewController.swift */,
				B5CEA8E5229BA945008DB140 /* ViewController+.swift */,
				B5CEA8EB229BB0A5008DB140 /* ViewController+Timer.swift */,
				B5CEA8E8229BAF72008DB140 /* ViewController+Notifications.swift */,
				B58FF1EF228C327A00922A69 /* Main.storyboard */,
				B58FF1F4228C327B00922A69 /* LaunchScreen.storyboard */,
				B58FF1F7228C327B00922A69 /* Info.plist */,
				B52273D72297C50800B00C95 /* Assets.xcassets */,
			);
			path = "TickTask-iOS";
			sourceTree = "<group>";
		};
		B5CEA88D229A96F8008DB140 /* Drawing */ = {
			isa = PBXGroup;
			children = (
				B5CEA8A2229AE54A008DB140 /* DrawingData.swift */,
				B52273E32299643D00B00C95 /* Color.swift */,
				B5CEA88B229A96E5008DB140 /* Circle.swift */,
				B5CEA88E229A9713008DB140 /* Gradient.swift */,
				B5CEA890229A972A008DB140 /* Border.swift */,
				B5CEA892229A9740008DB140 /* Shadow.swift */,
				B5CEA899229AC11C008DB140 /* Shape.swift */,
				B5CEA89D229AC99B008DB140 /* DialShape.swift */,
				B5CEA8CF229B2772008DB140 /* Path.swift */,
				B5CEA8D8229B2EB2008DB140 /* DialState.swift */,
			);
			name = Drawing;
			path = ..;
			sourceTree = "<group>";
		};
		B5CEA894229A975C008DB140 /* Extensions */ = {
			isa = PBXGroup;
			children = (
				B5CEA8D6229B2D63008DB140 /* NSBezierPath+.swift */,
				B54DCE4B22872D8A000EC5BB /* String+.swift */,
				B58FF21C228C3DF400922A69 /* CGPoint+.swift */,
				B58FF21F228C422E00922A69 /* CGFloat+.swift */,
				B5CEA895229A9769008DB140 /* CGSize+.swift */,
				B5CEA897229A977D008DB140 /* CGContext+.swift */,
				B5CEA89B229AC1F9008DB140 /* CGRect+.swift */,
				B542F784227EAB0E0045552D /* TimeInterval+.swift */,
				B58FF223228C44B200922A69 /* DateComponentsFormatter.swift */,
			);
			name = Extensions;
			path = ..;
			sourceTree = "<group>";
		};
		B5CEA8DB229B31DB008DB140 /* Shared */ = {
			isa = PBXGroup;
			children = (
				B5CEA894229A975C008DB140 /* Extensions */,
				B5CEA88D229A96F8008DB140 /* Drawing */,
			);
			path = Shared;
			sourceTree = "<group>";
		};
		B5CEA8F1229BF417008DB140 /* Extensions */ = {
			isa = PBXGroup;
			children = (
				B542F788227EBF520045552D /* NSImage+.swift */,
				B5CEA8EF229BF412008DB140 /* NSEvent+.swift */,
				B542F786227EB2AC0045552D /* NSView+.swift */,
			);
			name = Extensions;
			sourceTree = "<group>";
		};
		B5D56C5A2286B2BD00338BF6 /* TickTask-macOSLauncher */ = {
			isa = PBXGroup;
			children = (
				B5D56C622286B2BE00338BF6 /* Info.plist */,
				B5D56C632286B2BE00338BF6 /* TickTask_macOSLauncher.entitlements */,
				B51ECFA92286BB1C00B1EBC9 /* main.swift */,
			);
			path = "TickTask-macOSLauncher";
			sourceTree = "<group>";
		};
/* End PBXGroup section */

/* Begin PBXNativeTarget section */
		B53707FF226F188600ACFA62 /* TickTask-macOS */ = {
			isa = PBXNativeTarget;
			buildConfigurationList = B5370829226F188600ACFA62 /* Build configuration list for PBXNativeTarget "TickTask-macOS" */;
			buildPhases = (
				B53707FC226F188600ACFA62 /* Sources */,
				B53707FD226F188600ACFA62 /* Frameworks */,
				B53707FE226F188600ACFA62 /* Resources */,
				B5D56C6B2286B38900338BF6 /* Copy Helper App */,
			);
			buildRules = (
			);
			dependencies = (
			);
			name = "TickTask-macOS";
			productName = TickTask;
			productReference = B5370800226F188600ACFA62 /* Tick Task.app */;
			productType = "com.apple.product-type.application";
		};
		B58FF1E8228C327A00922A69 /* TickTask-iOS */ = {
			isa = PBXNativeTarget;
			buildConfigurationList = B58FF214228C327B00922A69 /* Build configuration list for PBXNativeTarget "TickTask-iOS" */;
			buildPhases = (
				B58FF1E5228C327A00922A69 /* Sources */,
				B58FF1E6228C327A00922A69 /* Frameworks */,
				B58FF1E7228C327A00922A69 /* Resources */,
			);
			buildRules = (
			);
			dependencies = (
			);
			name = "TickTask-iOS";
			productName = "TickTask-iOS";
			productReference = B58FF1E9228C327A00922A69 /* TickTask-iOS.app */;
			productType = "com.apple.product-type.application";
		};
		B5D56C582286B2BD00338BF6 /* TickTask-macOSLauncher */ = {
			isa = PBXNativeTarget;
			buildConfigurationList = B5D56C662286B2BE00338BF6 /* Build configuration list for PBXNativeTarget "TickTask-macOSLauncher" */;
			buildPhases = (
				B5D56C552286B2BD00338BF6 /* Sources */,
				B5D56C562286B2BD00338BF6 /* Frameworks */,
				B5D56C572286B2BD00338BF6 /* Resources */,
			);
			buildRules = (
			);
			dependencies = (
			);
			name = "TickTask-macOSLauncher";
			productName = "TickTask-macOSLauncher";
			productReference = B5D56C592286B2BD00338BF6 /* TickTask-macOSLauncher.app */;
			productType = "com.apple.product-type.application";
		};
/* End PBXNativeTarget section */

/* Begin PBXProject section */
		B53707F8226F188600ACFA62 /* Project object */ = {
			isa = PBXProject;
			attributes = {
				LastSwiftUpdateCheck = 1020;
				LastUpgradeCheck = 1020;
				ORGANIZATIONNAME = joshgrant;
				TargetAttributes = {
					B53707FF226F188600ACFA62 = {
						CreatedOnToolsVersion = 10.2;
						SystemCapabilities = {
							com.apple.ApplicationGroups.Mac = {
								enabled = 0;
							};
							com.apple.HardenedRuntime = {
								enabled = 1;
							};
							com.apple.Push = {
								enabled = 1;
							};
						};
					};
					B58FF1E8228C327A00922A69 = {
						CreatedOnToolsVersion = 10.2.1;
						SystemCapabilities = {
							com.apple.ApplicationGroups.iOS = {
								enabled = 0;
							};
							com.apple.BackgroundModes = {
								enabled = 1;
							};
							com.apple.Push = {
								enabled = 1;
							};
						};
					};
					B5D56C582286B2BD00338BF6 = {
						CreatedOnToolsVersion = 10.2.1;
						LastSwiftMigration = 1020;
						SystemCapabilities = {
							com.apple.ApplicationGroups.Mac = {
								enabled = 1;
							};
						};
					};
				};
			};
			buildConfigurationList = B53707FB226F188600ACFA62 /* Build configuration list for PBXProject "TickTask" */;
			compatibilityVersion = "Xcode 9.3";
			developmentRegion = en;
			hasScannedForEncodings = 0;
			knownRegions = (
				Base,
				en,
				fr,
				"zh-Hant",
				ru,
				"pt-BR",
				de,
				ja,
				es,
				hi,
				it,
				"zh-Hans",
			);
			mainGroup = B53707F7226F188600ACFA62;
			productRefGroup = B5370801226F188600ACFA62 /* Products */;
			projectDirPath = "";
			projectRoot = "";
			targets = (
				B53707FF226F188600ACFA62 /* TickTask-macOS */,
				B5D56C582286B2BD00338BF6 /* TickTask-macOSLauncher */,
				B58FF1E8228C327A00922A69 /* TickTask-iOS */,
			);
		};
/* End PBXProject section */

/* Begin PBXResourcesBuildPhase section */
		B53707FE226F188600ACFA62 /* Resources */ = {
			isa = PBXResourcesBuildPhase;
			buildActionMask = 2147483647;
			files = (
				B537080B226F188600ACFA62 /* Assets.xcassets in Resources */,
				B54DCE5222873871000EC5BB /* Localizable.strings in Resources */,
				B54DCE4F22872F10000EC5BB /* Main.storyboard in Resources */,
			);
			runOnlyForDeploymentPostprocessing = 0;
		};
		B58FF1E7228C327A00922A69 /* Resources */ = {
			isa = PBXResourcesBuildPhase;
			buildActionMask = 2147483647;
			files = (
				B58FF1F6228C327B00922A69 /* LaunchScreen.storyboard in Resources */,
				B5CEA8EE229BC414008DB140 /* Localizable.strings in Resources */,
				B52273D82297C50800B00C95 /* Assets.xcassets in Resources */,
				B58FF1F1228C327A00922A69 /* Main.storyboard in Resources */,
			);
			runOnlyForDeploymentPostprocessing = 0;
		};
		B5D56C572286B2BD00338BF6 /* Resources */ = {
			isa = PBXResourcesBuildPhase;
			buildActionMask = 2147483647;
			files = (
			);
			runOnlyForDeploymentPostprocessing = 0;
		};
/* End PBXResourcesBuildPhase section */

/* Begin PBXSourcesBuildPhase section */
		B53707FC226F188600ACFA62 /* Sources */ = {
			isa = PBXSourcesBuildPhase;
			buildActionMask = 2147483647;
			files = (
				B5CEA8E0229B3905008DB140 /* DateComponentsFormatter.swift in Sources */,
				B5BB041022846294008C8493 /* DialView.swift in Sources */,
				B5CEA8C8229B26E3008DB140 /* Border.swift in Sources */,
				B542F787227EB2AC0045552D /* NSView+.swift in Sources */,
				B5CEA8CB229B26F7008DB140 /* DialShape.swift in Sources */,
				B54DCE4C22872D8A000EC5BB /* String+.swift in Sources */,
				B5CEA8C5229B22A8008DB140 /* CGPoint+.swift in Sources */,
				B5CEA8E4229B9D4E008DB140 /* FaceView.swift in Sources */,
				B5CEA8C4229B22A6008DB140 /* CGFloat+.swift in Sources */,
				B54DCE4A228722D0000EC5BB /* RightClickView.swift in Sources */,
				B5CEA8C2229B2293008DB140 /* CGContext+.swift in Sources */,
				B5CEA8D1229B2857008DB140 /* Path.swift in Sources */,
				B5CEA8E6229BA945008DB140 /* ViewController+.swift in Sources */,
				B5CEA8F0229BF412008DB140 /* NSEvent+.swift in Sources */,
				B542F785227EAB0E0045552D /* TimeInterval+.swift in Sources */,
				B5CEA8C0229B226C008DB140 /* DrawingData.swift in Sources */,
				B5CEA8C7229B26CE008DB140 /* Circle.swift in Sources */,
				B5CEA8C9229B26E9008DB140 /* Shadow.swift in Sources */,
				B5CEA8E2229B9A0D008DB140 /* NSImage+.swift in Sources */,
				B5CEA8D2229B2862008DB140 /* Gradient.swift in Sources */,
				B5CEA8EC229BB0A5008DB140 /* ViewController+Timer.swift in Sources */,
				B5370806226F188600ACFA62 /* ViewController.swift in Sources */,
				B5370804226F188600ACFA62 /* AppDelegate.swift in Sources */,
				B5CEA8E9229BAF72008DB140 /* ViewController+Notifications.swift in Sources */,
				B5CEA8C1229B228D008DB140 /* CGSize+.swift in Sources */,
				B5CEA8CA229B26EE008DB140 /* Shape.swift in Sources */,
				B5CEA8DA229B2EB5008DB140 /* DialState.swift in Sources */,
				B5CEA8C3229B22A2008DB140 /* CGRect+.swift in Sources */,
				B5CEA8C6229B22B2008DB140 /* Color.swift in Sources */,
				B5CEA8DC229B31F7008DB140 /* NSBezierPath+.swift in Sources */,
			);
			runOnlyForDeploymentPostprocessing = 0;
		};
		B58FF1E5228C327A00922A69 /* Sources */ = {
			isa = PBXSourcesBuildPhase;
			buildActionMask = 2147483647;
			files = (
				B5CEA893229A9740008DB140 /* Shadow.swift in Sources */,
				B5CEA8D0229B2772008DB140 /* Path.swift in Sources */,
				B5CEA891229A972A008DB140 /* Border.swift in Sources */,
				B5CEA898229A977D008DB140 /* CGContext+.swift in Sources */,
				B58FF21D228C3DF400922A69 /* CGPoint+.swift in Sources */,
				B5CEA8A3229AE54A008DB140 /* DrawingData.swift in Sources */,
				B5CEA88F229A9713008DB140 /* Gradient.swift in Sources */,
				B5CEA89C229AC1F9008DB140 /* CGRect+.swift in Sources */,
				B5CEA8D9229B2EB2008DB140 /* DialState.swift in Sources */,
				B5CEA8E7229BA945008DB140 /* ViewController+.swift in Sources */,
				B52273E42299643D00B00C95 /* Color.swift in Sources */,
				B522742C2299C3B800B00C95 /* DialView.swift in Sources */,
				B5CEA89E229AC99B008DB140 /* DialShape.swift in Sources */,
				B5CEA896229A9769008DB140 /* CGSize+.swift in Sources */,
				B5CEA8E1229B391A008DB140 /* TimeInterval+.swift in Sources */,
				B5CEA8ED229BB0A5008DB140 /* ViewController+Timer.swift in Sources */,
				B5CEA88C229A96E5008DB140 /* Circle.swift in Sources */,
				B58FF1EE228C327A00922A69 /* ViewController.swift in Sources */,
				B5CEA89A229AC11C008DB140 /* Shape.swift in Sources */,
				B58FF1EC228C327A00922A69 /* AppDelegate.swift in Sources */,
				B58FF220228C422E00922A69 /* CGFloat+.swift in Sources */,
				B58FF224228C44B200922A69 /* DateComponentsFormatter.swift in Sources */,
				B5CEA8EA229BAF72008DB140 /* ViewController+Notifications.swift in Sources */,
				B5CEA8D5229B2BA1008DB140 /* String+.swift in Sources */,
				B5CEA8A1229AE43A008DB140 /* FaceView.swift in Sources */,
			);
			runOnlyForDeploymentPostprocessing = 0;
		};
		B5D56C552286B2BD00338BF6 /* Sources */ = {
			isa = PBXSourcesBuildPhase;
			buildActionMask = 2147483647;
			files = (
				B51ECFAA2286BB1C00B1EBC9 /* main.swift in Sources */,
			);
			runOnlyForDeploymentPostprocessing = 0;
		};
/* End PBXSourcesBuildPhase section */

/* Begin PBXVariantGroup section */
		B54DCE5422873871000EC5BB /* Localizable.strings */ = {
			isa = PBXVariantGroup;
			children = (
				B54DCE5322873871000EC5BB /* en */,
				B54DCE5522873874000EC5BB /* fr */,
				B5D1D546228823FD005C04E0 /* zh-Hant */,
				B5D1D54722882409005C04E0 /* ru */,
				B5D1D54822882413005C04E0 /* pt-BR */,
				B5D1D54922882417005C04E0 /* de */,
				B5D1D54A22882426005C04E0 /* ja */,
				B5D1D54D22885F94005C04E0 /* es */,
				B5D1D54E22885F9B005C04E0 /* hi */,
				B5D1D54F22885FA5005C04E0 /* it */,
				B5D1D55022885FB0005C04E0 /* zh-Hans */,
			);
			name = Localizable.strings;
			sourceTree = "<group>";
		};
		B58FF1EF228C327A00922A69 /* Main.storyboard */ = {
			isa = PBXVariantGroup;
			children = (
				B58FF1F0228C327A00922A69 /* Base */,
			);
			name = Main.storyboard;
			sourceTree = "<group>";
		};
		B58FF1F4228C327B00922A69 /* LaunchScreen.storyboard */ = {
			isa = PBXVariantGroup;
			children = (
				B58FF1F5228C327B00922A69 /* Base */,
			);
			name = LaunchScreen.storyboard;
			sourceTree = "<group>";
		};
/* End PBXVariantGroup section */

/* Begin XCBuildConfiguration section */
		B5370827226F188600ACFA62 /* Debug */ = {
			isa = XCBuildConfiguration;
			buildSettings = {
				ALWAYS_SEARCH_USER_PATHS = NO;
				ARCHS = "$(ARCHS_STANDARD)";
				CLANG_ANALYZER_LOCALIZABILITY_NONLOCALIZED = YES;
				CLANG_ANALYZER_NONNULL = YES;
				CLANG_ANALYZER_NUMBER_OBJECT_CONVERSION = YES_AGGRESSIVE;
				CLANG_CXX_LANGUAGE_STANDARD = "compiler-default";
				CLANG_CXX_LIBRARY = "compiler-default";
				CLANG_ENABLE_MODULES = YES;
				CLANG_ENABLE_OBJC_ARC = YES;
				CLANG_ENABLE_OBJC_WEAK = YES;
				CLANG_WARN_BLOCK_CAPTURE_AUTORELEASING = YES;
				CLANG_WARN_BOOL_CONVERSION = YES;
				CLANG_WARN_COMMA = YES;
				CLANG_WARN_CONSTANT_CONVERSION = YES;
				CLANG_WARN_DEPRECATED_OBJC_IMPLEMENTATIONS = YES;
				CLANG_WARN_DIRECT_OBJC_ISA_USAGE = YES_ERROR;
				CLANG_WARN_DOCUMENTATION_COMMENTS = YES;
				CLANG_WARN_EMPTY_BODY = YES;
				CLANG_WARN_ENUM_CONVERSION = YES;
				CLANG_WARN_INFINITE_RECURSION = YES;
				CLANG_WARN_INT_CONVERSION = YES;
				CLANG_WARN_NON_LITERAL_NULL_CONVERSION = YES;
				CLANG_WARN_OBJC_IMPLICIT_RETAIN_SELF = YES;
				CLANG_WARN_OBJC_LITERAL_CONVERSION = YES;
				CLANG_WARN_OBJC_ROOT_CLASS = YES_ERROR;
				CLANG_WARN_RANGE_LOOP_ANALYSIS = YES;
				CLANG_WARN_STRICT_PROTOTYPES = YES;
				CLANG_WARN_SUSPICIOUS_MOVE = YES;
				CLANG_WARN_UNGUARDED_AVAILABILITY = YES_AGGRESSIVE;
				CLANG_WARN_UNREACHABLE_CODE = YES;
				CLANG_WARN__DUPLICATE_METHOD_MATCH = YES;
				CODE_SIGN_IDENTITY = "Mac Developer";
				COPY_PHASE_STRIP = NO;
				DEBUG_INFORMATION_FORMAT = dwarf;
				ENABLE_STRICT_OBJC_MSGSEND = YES;
				ENABLE_TESTABILITY = YES;
				GCC_C_LANGUAGE_STANDARD = "compiler-default";
				GCC_DYNAMIC_NO_PIC = NO;
				GCC_NO_COMMON_BLOCKS = YES;
				GCC_OPTIMIZATION_LEVEL = 0;
				GCC_PREPROCESSOR_DEFINITIONS = (
					"DEBUG=1",
					"$(inherited)",
				);
				GCC_WARN_64_TO_32_BIT_CONVERSION = YES;
				GCC_WARN_ABOUT_RETURN_TYPE = YES_ERROR;
				GCC_WARN_UNDECLARED_SELECTOR = YES;
				GCC_WARN_UNINITIALIZED_AUTOS = YES_AGGRESSIVE;
				GCC_WARN_UNUSED_FUNCTION = YES;
				GCC_WARN_UNUSED_VARIABLE = YES;
				IPHONEOS_DEPLOYMENT_TARGET = 10.1;
				MACOSX_DEPLOYMENT_TARGET = 10.11;
				MTL_ENABLE_DEBUG_INFO = INCLUDE_SOURCE;
				MTL_FAST_MATH = YES;
				ONLY_ACTIVE_ARCH = YES;
				SDKROOT = macosx;
				SWIFT_ACTIVE_COMPILATION_CONDITIONS = DEBUG;
				SWIFT_OPTIMIZATION_LEVEL = "-Onone";
				SWIFT_VERSION = 5.0;
				TARGETED_DEVICE_FAMILY = "1,2";
			};
			name = Debug;
		};
		B5370828226F188600ACFA62 /* Release */ = {
			isa = XCBuildConfiguration;
			buildSettings = {
				ALWAYS_SEARCH_USER_PATHS = NO;
				ARCHS = "$(ARCHS_STANDARD)";
				CLANG_ANALYZER_LOCALIZABILITY_NONLOCALIZED = YES;
				CLANG_ANALYZER_NONNULL = YES;
				CLANG_ANALYZER_NUMBER_OBJECT_CONVERSION = YES_AGGRESSIVE;
				CLANG_CXX_LANGUAGE_STANDARD = "compiler-default";
				CLANG_CXX_LIBRARY = "compiler-default";
				CLANG_ENABLE_MODULES = YES;
				CLANG_ENABLE_OBJC_ARC = YES;
				CLANG_ENABLE_OBJC_WEAK = YES;
				CLANG_WARN_BLOCK_CAPTURE_AUTORELEASING = YES;
				CLANG_WARN_BOOL_CONVERSION = YES;
				CLANG_WARN_COMMA = YES;
				CLANG_WARN_CONSTANT_CONVERSION = YES;
				CLANG_WARN_DEPRECATED_OBJC_IMPLEMENTATIONS = YES;
				CLANG_WARN_DIRECT_OBJC_ISA_USAGE = YES_ERROR;
				CLANG_WARN_DOCUMENTATION_COMMENTS = YES;
				CLANG_WARN_EMPTY_BODY = YES;
				CLANG_WARN_ENUM_CONVERSION = YES;
				CLANG_WARN_INFINITE_RECURSION = YES;
				CLANG_WARN_INT_CONVERSION = YES;
				CLANG_WARN_NON_LITERAL_NULL_CONVERSION = YES;
				CLANG_WARN_OBJC_IMPLICIT_RETAIN_SELF = YES;
				CLANG_WARN_OBJC_LITERAL_CONVERSION = YES;
				CLANG_WARN_OBJC_ROOT_CLASS = YES_ERROR;
				CLANG_WARN_RANGE_LOOP_ANALYSIS = YES;
				CLANG_WARN_STRICT_PROTOTYPES = YES;
				CLANG_WARN_SUSPICIOUS_MOVE = YES;
				CLANG_WARN_UNGUARDED_AVAILABILITY = YES_AGGRESSIVE;
				CLANG_WARN_UNREACHABLE_CODE = YES;
				CLANG_WARN__DUPLICATE_METHOD_MATCH = YES;
				CODE_SIGN_IDENTITY = "Mac Developer";
				COPY_PHASE_STRIP = NO;
				DEBUG_INFORMATION_FORMAT = "dwarf-with-dsym";
				ENABLE_NS_ASSERTIONS = NO;
				ENABLE_STRICT_OBJC_MSGSEND = YES;
				GCC_C_LANGUAGE_STANDARD = "compiler-default";
				GCC_NO_COMMON_BLOCKS = YES;
				GCC_OPTIMIZATION_LEVEL = fast;
				GCC_WARN_64_TO_32_BIT_CONVERSION = YES;
				GCC_WARN_ABOUT_RETURN_TYPE = YES_ERROR;
				GCC_WARN_UNDECLARED_SELECTOR = YES;
				GCC_WARN_UNINITIALIZED_AUTOS = YES_AGGRESSIVE;
				GCC_WARN_UNUSED_FUNCTION = YES;
				GCC_WARN_UNUSED_VARIABLE = YES;
				IPHONEOS_DEPLOYMENT_TARGET = 10.1;
				MACOSX_DEPLOYMENT_TARGET = 10.11;
				MTL_ENABLE_DEBUG_INFO = NO;
				MTL_FAST_MATH = YES;
				SDKROOT = macosx;
				SWIFT_COMPILATION_MODE = wholemodule;
				SWIFT_OPTIMIZATION_LEVEL = "-O";
				SWIFT_VERSION = 5.0;
				TARGETED_DEVICE_FAMILY = "1,2";
			};
			name = Release;
		};
		B537082A226F188600ACFA62 /* Debug */ = {
			isa = XCBuildConfiguration;
			buildSettings = {
				ALWAYS_EMBED_SWIFT_STANDARD_LIBRARIES = YES;
				ASSETCATALOG_COMPILER_APPICON_NAME = AppIcon;
				CODE_SIGN_ENTITLEMENTS = "TickTask-macOS/TickTask-macOS.entitlements";
				CODE_SIGN_IDENTITY = "Mac Developer";
				CODE_SIGN_STYLE = Automatic;
				COMBINE_HIDPI_IMAGES = YES;
				DEVELOPMENT_TEAM = 685257RUQP;
				ENABLE_HARDENED_RUNTIME = YES;
				INFOPLIST_FILE = "$(SRCROOT)/TickTask-macOS/Info.plist";
				LD_RUNPATH_SEARCH_PATHS = (
					"$(inherited)",
					"@executable_path/../Frameworks",
				);
				MACOSX_DEPLOYMENT_TARGET = 10.14;
				PRODUCT_BUNDLE_IDENTIFIER = "me.joshgrant.TickTask-macOS";
				PRODUCT_NAME = "Tick Task";
				PROVISIONING_PROFILE_SPECIFIER = "";
				STRIP_INSTALLED_PRODUCT = NO;
				SWIFT_VERSION = 5.0;
			};
			name = Debug;
		};
		B537082B226F188600ACFA62 /* Release */ = {
			isa = XCBuildConfiguration;
			buildSettings = {
				ALWAYS_EMBED_SWIFT_STANDARD_LIBRARIES = YES;
				ASSETCATALOG_COMPILER_APPICON_NAME = AppIcon;
				CODE_SIGN_ENTITLEMENTS = "TickTask-macOS/TickTask-macOS.entitlements";
				CODE_SIGN_IDENTITY = "Mac Developer";
				CODE_SIGN_STYLE = Automatic;
				COMBINE_HIDPI_IMAGES = YES;
				DEVELOPMENT_TEAM = 685257RUQP;
				ENABLE_HARDENED_RUNTIME = YES;
				INFOPLIST_FILE = "$(SRCROOT)/TickTask-macOS/Info.plist";
				LD_RUNPATH_SEARCH_PATHS = (
					"$(inherited)",
					"@executable_path/../Frameworks",
				);
				MACOSX_DEPLOYMENT_TARGET = 10.14;
				PRODUCT_BUNDLE_IDENTIFIER = "me.joshgrant.TickTask-macOS";
				PRODUCT_NAME = "Tick Task";
				PROVISIONING_PROFILE_SPECIFIER = "";
				STRIP_INSTALLED_PRODUCT = NO;
				SWIFT_VERSION = 5.0;
			};
			name = Release;
		};
		B58FF20E228C327B00922A69 /* Debug */ = {
			isa = XCBuildConfiguration;
			buildSettings = {
				ASSETCATALOG_COMPILER_APPICON_NAME = AppIcon;
				CLANG_CXX_LANGUAGE_STANDARD = "gnu++14";
				CLANG_CXX_LIBRARY = "libc++";
				CODE_SIGN_ENTITLEMENTS = "TickTask-iOS/TickTask-iOS.entitlements";
				CODE_SIGN_IDENTITY = "iPhone Developer";
				CODE_SIGN_STYLE = Automatic;
				DEVELOPMENT_TEAM = 685257RUQP;
				GCC_C_LANGUAGE_STANDARD = gnu11;
				INFOPLIST_FILE = "TickTask-iOS/Info.plist";
				IPHONEOS_DEPLOYMENT_TARGET = 10.0;
				LD_RUNPATH_SEARCH_PATHS = (
					"$(inherited)",
					"@executable_path/Frameworks",
				);
				PRODUCT_BUNDLE_IDENTIFIER = "me.joshgrant.TickTask-iOS";
				PRODUCT_NAME = "$(TARGET_NAME)";
				SDKROOT = iphoneos;
				SWIFT_VERSION = 5.0;
				TARGETED_DEVICE_FAMILY = "1,2";
			};
			name = Debug;
		};
		B58FF20F228C327B00922A69 /* Release */ = {
			isa = XCBuildConfiguration;
			buildSettings = {
				ASSETCATALOG_COMPILER_APPICON_NAME = AppIcon;
				CLANG_CXX_LANGUAGE_STANDARD = "gnu++14";
				CLANG_CXX_LIBRARY = "libc++";
				CODE_SIGN_ENTITLEMENTS = "TickTask-iOS/TickTask-iOS.entitlements";
				CODE_SIGN_IDENTITY = "iPhone Developer";
				CODE_SIGN_STYLE = Automatic;
				DEVELOPMENT_TEAM = 685257RUQP;
				GCC_C_LANGUAGE_STANDARD = gnu11;
				INFOPLIST_FILE = "TickTask-iOS/Info.plist";
				IPHONEOS_DEPLOYMENT_TARGET = 10.0;
				LD_RUNPATH_SEARCH_PATHS = (
					"$(inherited)",
					"@executable_path/Frameworks",
				);
				PRODUCT_BUNDLE_IDENTIFIER = "me.joshgrant.TickTask-iOS";
				PRODUCT_NAME = "$(TARGET_NAME)";
				SDKROOT = iphoneos;
				SWIFT_VERSION = 5.0;
				TARGETED_DEVICE_FAMILY = "1,2";
				VALIDATE_PRODUCT = YES;
			};
			name = Release;
		};
		B5D56C642286B2BE00338BF6 /* Debug */ = {
			isa = XCBuildConfiguration;
			buildSettings = {
				ASSETCATALOG_COMPILER_APPICON_NAME = AppIcon;
				CLANG_CXX_LANGUAGE_STANDARD = "gnu++14";
				CLANG_CXX_LIBRARY = "libc++";
				CLANG_ENABLE_MODULES = YES;
				CODE_SIGN_ENTITLEMENTS = "TickTask-macOSLauncher/TickTask_macOSLauncher.entitlements";
				CODE_SIGN_IDENTITY = "Mac Developer";
				CODE_SIGN_STYLE = Automatic;
				COMBINE_HIDPI_IMAGES = YES;
				DEVELOPMENT_TEAM = 685257RUQP;
				GCC_C_LANGUAGE_STANDARD = gnu11;
				INFOPLIST_FILE = "TickTask-macOSLauncher/Info.plist";
				LD_RUNPATH_SEARCH_PATHS = (
					"$(inherited)",
					"@executable_path/../Frameworks",
				);
				MACOSX_DEPLOYMENT_TARGET = 10.14;
				PRODUCT_BUNDLE_IDENTIFIER = "me.joshgrant.TickTask-macOSLauncher";
				PRODUCT_NAME = "$(TARGET_NAME)";
				SKIP_INSTALL = YES;
				SWIFT_OPTIMIZATION_LEVEL = "-Onone";
				SWIFT_VERSION = 5.0;
			};
			name = Debug;
		};
		B5D56C652286B2BE00338BF6 /* Release */ = {
			isa = XCBuildConfiguration;
			buildSettings = {
				ASSETCATALOG_COMPILER_APPICON_NAME = AppIcon;
				CLANG_CXX_LANGUAGE_STANDARD = "gnu++14";
				CLANG_CXX_LIBRARY = "libc++";
				CLANG_ENABLE_MODULES = YES;
				CODE_SIGN_ENTITLEMENTS = "TickTask-macOSLauncher/TickTask_macOSLauncher.entitlements";
				CODE_SIGN_IDENTITY = "Mac Developer";
				CODE_SIGN_STYLE = Automatic;
				COMBINE_HIDPI_IMAGES = YES;
				DEVELOPMENT_TEAM = 685257RUQP;
				GCC_C_LANGUAGE_STANDARD = gnu11;
				INFOPLIST_FILE = "TickTask-macOSLauncher/Info.plist";
				LD_RUNPATH_SEARCH_PATHS = (
					"$(inherited)",
					"@executable_path/../Frameworks",
				);
				MACOSX_DEPLOYMENT_TARGET = 10.14;
				PRODUCT_BUNDLE_IDENTIFIER = "me.joshgrant.TickTask-macOSLauncher";
				PRODUCT_NAME = "$(TARGET_NAME)";
				SKIP_INSTALL = YES;
				SWIFT_VERSION = 5.0;
			};
			name = Release;
		};
/* End XCBuildConfiguration section */

/* Begin XCConfigurationList section */
		B53707FB226F188600ACFA62 /* Build configuration list for PBXProject "TickTask" */ = {
			isa = XCConfigurationList;
			buildConfigurations = (
				B5370827226F188600ACFA62 /* Debug */,
				B5370828226F188600ACFA62 /* Release */,
			);
			defaultConfigurationIsVisible = 0;
			defaultConfigurationName = Release;
		};
		B5370829226F188600ACFA62 /* Build configuration list for PBXNativeTarget "TickTask-macOS" */ = {
			isa = XCConfigurationList;
			buildConfigurations = (
				B537082A226F188600ACFA62 /* Debug */,
				B537082B226F188600ACFA62 /* Release */,
			);
			defaultConfigurationIsVisible = 0;
			defaultConfigurationName = Release;
		};
		B58FF214228C327B00922A69 /* Build configuration list for PBXNativeTarget "TickTask-iOS" */ = {
			isa = XCConfigurationList;
			buildConfigurations = (
				B58FF20E228C327B00922A69 /* Debug */,
				B58FF20F228C327B00922A69 /* Release */,
			);
			defaultConfigurationIsVisible = 0;
			defaultConfigurationName = Release;
		};
		B5D56C662286B2BE00338BF6 /* Build configuration list for PBXNativeTarget "TickTask-macOSLauncher" */ = {
			isa = XCConfigurationList;
			buildConfigurations = (
				B5D56C642286B2BE00338BF6 /* Debug */,
				B5D56C652286B2BE00338BF6 /* Release */,
			);
			defaultConfigurationIsVisible = 0;
			defaultConfigurationName = Release;
		};
/* End XCConfigurationList section */
	};
	rootObject = B53707F8226F188600ACFA62 /* Project object */;
}
